// !$*UTF8*$!
{
	archiveVersion = 1;
	classes = {
	};
	objectVersion = 48;
	objects = {

/* Begin PBXBuildFile section */
		52A72DC11F83D28A0024DCD9 /* DynamoCollectionView.h in Headers */ = {isa = PBXBuildFile; fileRef = 52A72DBF1F83D28A0024DCD9 /* DynamoCollectionView.h */; settings = {ATTRIBUTES = (Public, ); }; };
		52A72DD51F83D39E0024DCD9 /* AppDelegate.swift in Sources */ = {isa = PBXBuildFile; fileRef = 52A72DD41F83D39E0024DCD9 /* AppDelegate.swift */; };
		52A72DD71F83D39E0024DCD9 /* ViewController.swift in Sources */ = {isa = PBXBuildFile; fileRef = 52A72DD61F83D39E0024DCD9 /* ViewController.swift */; };
		52A72DDA1F83D39E0024DCD9 /* Main.storyboard in Resources */ = {isa = PBXBuildFile; fileRef = 52A72DD81F83D39E0024DCD9 /* Main.storyboard */; };
		52A72DDC1F83D39E0024DCD9 /* Assets.xcassets in Resources */ = {isa = PBXBuildFile; fileRef = 52A72DDB1F83D39E0024DCD9 /* Assets.xcassets */; };
		52A72DDF1F83D39E0024DCD9 /* LaunchScreen.storyboard in Resources */ = {isa = PBXBuildFile; fileRef = 52A72DDD1F83D39E0024DCD9 /* LaunchScreen.storyboard */; };
		52A72DE91F83D52D0024DCD9 /* DynamoCollectionView.framework in Embed Frameworks */ = {isa = PBXBuildFile; fileRef = 52A72DBC1F83D28A0024DCD9 /* DynamoCollectionView.framework */; settings = {ATTRIBUTES = (CodeSignOnCopy, RemoveHeadersOnCopy, ); }; };
		52D748C51F84A47F00357DDF /* DynamoCollectionView.swift in Sources */ = {isa = PBXBuildFile; fileRef = 52D748C41F84A47F00357DDF /* DynamoCollectionView.swift */; };
		52D748C71F84AA5200357DDF /* DynamoCollectionViewCell.swift in Sources */ = {isa = PBXBuildFile; fileRef = 52D748C61F84AA5200357DDF /* DynamoCollectionViewCell.swift */; };
/* End PBXBuildFile section */

/* Begin PBXContainerItemProxy section */
		52A72DE61F83D4AF0024DCD9 /* PBXContainerItemProxy */ = {
			isa = PBXContainerItemProxy;
			containerPortal = 52A72DB31F83D28A0024DCD9 /* Project object */;
			proxyType = 1;
			remoteGlobalIDString = 52A72DBB1F83D28A0024DCD9;
			remoteInfo = DynamoCollectionView;
		};
/* End PBXContainerItemProxy section */

/* Begin PBXCopyFilesBuildPhase section */
		52A72DEA1F83D52D0024DCD9 /* Embed Frameworks */ = {
			isa = PBXCopyFilesBuildPhase;
			buildActionMask = 2147483647;
			dstPath = "";
			dstSubfolderSpec = 10;
			files = (
				52A72DE91F83D52D0024DCD9 /* DynamoCollectionView.framework in Embed Frameworks */,
			);
			name = "Embed Frameworks";
			runOnlyForDeploymentPostprocessing = 0;
		};
/* End PBXCopyFilesBuildPhase section */

/* Begin PBXFileReference section */
		52A72DBC1F83D28A0024DCD9 /* DynamoCollectionView.framework */ = {isa = PBXFileReference; explicitFileType = wrapper.framework; includeInIndex = 0; path = DynamoCollectionView.framework; sourceTree = BUILT_PRODUCTS_DIR; };
		52A72DBF1F83D28A0024DCD9 /* DynamoCollectionView.h */ = {isa = PBXFileReference; lastKnownFileType = sourcecode.c.h; path = DynamoCollectionView.h; sourceTree = "<group>"; };
		52A72DC01F83D28A0024DCD9 /* Info.plist */ = {isa = PBXFileReference; lastKnownFileType = text.plist.xml; path = Info.plist; sourceTree = "<group>"; };
		52A72DD21F83D39E0024DCD9 /* DynamoCollectionViewDemoApp.app */ = {isa = PBXFileReference; explicitFileType = wrapper.application; includeInIndex = 0; path = DynamoCollectionViewDemoApp.app; sourceTree = BUILT_PRODUCTS_DIR; };
		52A72DD41F83D39E0024DCD9 /* AppDelegate.swift */ = {isa = PBXFileReference; lastKnownFileType = sourcecode.swift; path = AppDelegate.swift; sourceTree = "<group>"; };
		52A72DD61F83D39E0024DCD9 /* ViewController.swift */ = {isa = PBXFileReference; lastKnownFileType = sourcecode.swift; path = ViewController.swift; sourceTree = "<group>"; };
		52A72DD91F83D39E0024DCD9 /* Base */ = {isa = PBXFileReference; lastKnownFileType = file.storyboard; name = Base; path = Base.lproj/Main.storyboard; sourceTree = "<group>"; };
		52A72DDB1F83D39E0024DCD9 /* Assets.xcassets */ = {isa = PBXFileReference; lastKnownFileType = folder.assetcatalog; path = Assets.xcassets; sourceTree = "<group>"; };
		52A72DDE1F83D39E0024DCD9 /* Base */ = {isa = PBXFileReference; lastKnownFileType = file.storyboard; name = Base; path = Base.lproj/LaunchScreen.storyboard; sourceTree = "<group>"; };
		52A72DE01F83D39E0024DCD9 /* Info.plist */ = {isa = PBXFileReference; lastKnownFileType = text.plist.xml; path = Info.plist; sourceTree = "<group>"; };
		52D748C41F84A47F00357DDF /* DynamoCollectionView.swift */ = {isa = PBXFileReference; lastKnownFileType = sourcecode.swift; path = DynamoCollectionView.swift; sourceTree = "<group>"; };
		52D748C61F84AA5200357DDF /* DynamoCollectionViewCell.swift */ = {isa = PBXFileReference; lastKnownFileType = sourcecode.swift; path = DynamoCollectionViewCell.swift; sourceTree = "<group>"; };
/* End PBXFileReference section */

/* Begin PBXFrameworksBuildPhase section */
		52A72DB81F83D28A0024DCD9 /* Frameworks */ = {
			isa = PBXFrameworksBuildPhase;
			buildActionMask = 2147483647;
			files = (
			);
			runOnlyForDeploymentPostprocessing = 0;
		};
		52A72DCF1F83D39E0024DCD9 /* Frameworks */ = {
			isa = PBXFrameworksBuildPhase;
			buildActionMask = 2147483647;
			files = (
			);
			runOnlyForDeploymentPostprocessing = 0;
		};
/* End PBXFrameworksBuildPhase section */

/* Begin PBXGroup section */
		52A72DB21F83D28A0024DCD9 = {
			isa = PBXGroup;
			children = (
				52A72DBE1F83D28A0024DCD9 /* DynamoCollectionView */,
				52A72DD31F83D39E0024DCD9 /* DynamoCollectionViewDemoApp */,
				52A72DBD1F83D28A0024DCD9 /* Products */,
				52A72DE41F83D3B40024DCD9 /* Frameworks */,
			);
			sourceTree = "<group>";
		};
		52A72DBD1F83D28A0024DCD9 /* Products */ = {
			isa = PBXGroup;
			children = (
				52A72DBC1F83D28A0024DCD9 /* DynamoCollectionView.framework */,
				52A72DD21F83D39E0024DCD9 /* DynamoCollectionViewDemoApp.app */,
			);
			name = Products;
			sourceTree = "<group>";
		};
		52A72DBE1F83D28A0024DCD9 /* DynamoCollectionView */ = {
			isa = PBXGroup;
			children = (
				52D748C41F84A47F00357DDF /* DynamoCollectionView.swift */,
				52D748C61F84AA5200357DDF /* DynamoCollectionViewCell.swift */,
				52A72DBF1F83D28A0024DCD9 /* DynamoCollectionView.h */,
				52A72DC01F83D28A0024DCD9 /* Info.plist */,
			);
			path = DynamoCollectionView;
			sourceTree = "<group>";
		};
		52A72DD31F83D39E0024DCD9 /* DynamoCollectionViewDemoApp */ = {
			isa = PBXGroup;
			children = (
				52A72DD41F83D39E0024DCD9 /* AppDelegate.swift */,
				52A72DD61F83D39E0024DCD9 /* ViewController.swift */,
				52A72DD81F83D39E0024DCD9 /* Main.storyboard */,
				52A72DDB1F83D39E0024DCD9 /* Assets.xcassets */,
				52A72DDD1F83D39E0024DCD9 /* LaunchScreen.storyboard */,
				52A72DE01F83D39E0024DCD9 /* Info.plist */,
			);
			path = DynamoCollectionViewDemoApp;
			sourceTree = "<group>";
		};
		52A72DE41F83D3B40024DCD9 /* Frameworks */ = {
			isa = PBXGroup;
			children = (
			);
			name = Frameworks;
			sourceTree = "<group>";
		};
/* End PBXGroup section */

/* Begin PBXHeadersBuildPhase section */
		52A72DB91F83D28A0024DCD9 /* Headers */ = {
			isa = PBXHeadersBuildPhase;
			buildActionMask = 2147483647;
			files = (
				52A72DC11F83D28A0024DCD9 /* DynamoCollectionView.h in Headers */,
			);
			runOnlyForDeploymentPostprocessing = 0;
		};
/* End PBXHeadersBuildPhase section */

/* Begin PBXNativeTarget section */
		52A72DBB1F83D28A0024DCD9 /* DynamoCollectionView */ = {
			isa = PBXNativeTarget;
			buildConfigurationList = 52A72DC41F83D28A0024DCD9 /* Build configuration list for PBXNativeTarget "DynamoCollectionView" */;
			buildPhases = (
				52A72DB71F83D28A0024DCD9 /* Sources */,
				52A72DB81F83D28A0024DCD9 /* Frameworks */,
				52A72DB91F83D28A0024DCD9 /* Headers */,
				52A72DBA1F83D28A0024DCD9 /* Resources */,
			);
			buildRules = (
			);
			dependencies = (
			);
			name = DynamoCollectionView;
			productName = DynamoCollectionView;
			productReference = 52A72DBC1F83D28A0024DCD9 /* DynamoCollectionView.framework */;
			productType = "com.apple.product-type.framework";
		};
		52A72DD11F83D39E0024DCD9 /* DynamoCollectionViewDemoApp */ = {
			isa = PBXNativeTarget;
			buildConfigurationList = 52A72DE31F83D39E0024DCD9 /* Build configuration list for PBXNativeTarget "DynamoCollectionViewDemoApp" */;
			buildPhases = (
				52A72DCE1F83D39E0024DCD9 /* Sources */,
				52A72DCF1F83D39E0024DCD9 /* Frameworks */,
				52A72DD01F83D39E0024DCD9 /* Resources */,
				52A72DEA1F83D52D0024DCD9 /* Embed Frameworks */,
			);
			buildRules = (
			);
			dependencies = (
				52A72DE71F83D4AF0024DCD9 /* PBXTargetDependency */,
			);
			name = DynamoCollectionViewDemoApp;
			productName = DynamoCollectionViewDemoApp;
			productReference = 52A72DD21F83D39E0024DCD9 /* DynamoCollectionViewDemoApp.app */;
			productType = "com.apple.product-type.application";
		};
/* End PBXNativeTarget section */

/* Begin PBXProject section */
		52A72DB31F83D28A0024DCD9 /* Project object */ = {
			isa = PBXProject;
			attributes = {
				LastSwiftUpdateCheck = 0900;
				LastUpgradeCheck = 0900;
				ORGANIZATIONNAME = "Make School";
				TargetAttributes = {
					52A72DBB1F83D28A0024DCD9 = {
						CreatedOnToolsVersion = 9.0;
						LastSwiftMigration = 0900;
						ProvisioningStyle = Automatic;
					};
					52A72DD11F83D39E0024DCD9 = {
						CreatedOnToolsVersion = 9.0;
						ProvisioningStyle = Automatic;
					};
				};
			};
			buildConfigurationList = 52A72DB61F83D28A0024DCD9 /* Build configuration list for PBXProject "DynamoCollectionView" */;
			compatibilityVersion = "Xcode 8.0";
			developmentRegion = en;
			hasScannedForEncodings = 0;
			knownRegions = (
				en,
				Base,
			);
			mainGroup = 52A72DB21F83D28A0024DCD9;
			productRefGroup = 52A72DBD1F83D28A0024DCD9 /* Products */;
			projectDirPath = "";
			projectRoot = "";
			targets = (
				52A72DBB1F83D28A0024DCD9 /* DynamoCollectionView */,
				52A72DD11F83D39E0024DCD9 /* DynamoCollectionViewDemoApp */,
			);
		};
/* End PBXProject section */

/* Begin PBXResourcesBuildPhase section */
		52A72DBA1F83D28A0024DCD9 /* Resources */ = {
			isa = PBXResourcesBuildPhase;
			buildActionMask = 2147483647;
			files = (
			);
			runOnlyForDeploymentPostprocessing = 0;
		};
		52A72DD01F83D39E0024DCD9 /* Resources */ = {
			isa = PBXResourcesBuildPhase;
			buildActionMask = 2147483647;
			files = (
				52A72DDF1F83D39E0024DCD9 /* LaunchScreen.storyboard in Resources */,
				52A72DDC1F83D39E0024DCD9 /* Assets.xcassets in Resources */,
				52A72DDA1F83D39E0024DCD9 /* Main.storyboard in Resources */,
			);
			runOnlyForDeploymentPostprocessing = 0;
		};
/* End PBXResourcesBuildPhase section */

/* Begin PBXSourcesBuildPhase section */
		52A72DB71F83D28A0024DCD9 /* Sources */ = {
			isa = PBXSourcesBuildPhase;
			buildActionMask = 2147483647;
			files = (
				52D748C71F84AA5200357DDF /* DynamoCollectionViewCell.swift in Sources */,
				52D748C51F84A47F00357DDF /* DynamoCollectionView.swift in Sources */,
			);
			runOnlyForDeploymentPostprocessing = 0;
		};
		52A72DCE1F83D39E0024DCD9 /* Sources */ = {
			isa = PBXSourcesBuildPhase;
			buildActionMask = 2147483647;
			files = (
				52A72DD71F83D39E0024DCD9 /* ViewController.swift in Sources */,
				52A72DD51F83D39E0024DCD9 /* AppDelegate.swift in Sources */,
			);
			runOnlyForDeploymentPostprocessing = 0;
		};
/* End PBXSourcesBuildPhase section */

/* Begin PBXTargetDependency section */
		52A72DE71F83D4AF0024DCD9 /* PBXTargetDependency */ = {
			isa = PBXTargetDependency;
			target = 52A72DBB1F83D28A0024DCD9 /* DynamoCollectionView */;
			targetProxy = 52A72DE61F83D4AF0024DCD9 /* PBXContainerItemProxy */;
		};
/* End PBXTargetDependency section */

/* Begin PBXVariantGroup section */
		52A72DD81F83D39E0024DCD9 /* Main.storyboard */ = {
			isa = PBXVariantGroup;
			children = (
				52A72DD91F83D39E0024DCD9 /* Base */,
			);
			name = Main.storyboard;
			sourceTree = "<group>";
		};
		52A72DDD1F83D39E0024DCD9 /* LaunchScreen.storyboard */ = {
			isa = PBXVariantGroup;
			children = (
				52A72DDE1F83D39E0024DCD9 /* Base */,
			);
			name = LaunchScreen.storyboard;
			sourceTree = "<group>";
		};
/* End PBXVariantGroup section */

/* Begin XCBuildConfiguration section */
		52A72DC21F83D28A0024DCD9 /* Debug */ = {
			isa = XCBuildConfiguration;
			buildSettings = {
				ALWAYS_SEARCH_USER_PATHS = NO;
				CLANG_ANALYZER_NONNULL = YES;
				CLANG_ANALYZER_NUMBER_OBJECT_CONVERSION = YES_AGGRESSIVE;
				CLANG_CXX_LANGUAGE_STANDARD = "gnu++14";
				CLANG_CXX_LIBRARY = "libc++";
				CLANG_ENABLE_MODULES = YES;
				CLANG_ENABLE_OBJC_ARC = YES;
				CLANG_WARN_BLOCK_CAPTURE_AUTORELEASING = YES;
				CLANG_WARN_BOOL_CONVERSION = YES;
				CLANG_WARN_COMMA = YES;
				CLANG_WARN_CONSTANT_CONVERSION = YES;
				CLANG_WARN_DIRECT_OBJC_ISA_USAGE = YES_ERROR;
				CLANG_WARN_DOCUMENTATION_COMMENTS = YES;
				CLANG_WARN_EMPTY_BODY = YES;
				CLANG_WARN_ENUM_CONVERSION = YES;
				CLANG_WARN_INFINITE_RECURSION = YES;
				CLANG_WARN_INT_CONVERSION = YES;
				CLANG_WARN_NON_LITERAL_NULL_CONVERSION = YES;
				CLANG_WARN_OBJC_LITERAL_CONVERSION = YES;
				CLANG_WARN_OBJC_ROOT_CLASS = YES_ERROR;
				CLANG_WARN_RANGE_LOOP_ANALYSIS = YES;
				CLANG_WARN_STRICT_PROTOTYPES = YES;
				CLANG_WARN_SUSPICIOUS_MOVE = YES;
				CLANG_WARN_UNGUARDED_AVAILABILITY = YES_AGGRESSIVE;
				CLANG_WARN_UNREACHABLE_CODE = YES;
				CLANG_WARN__DUPLICATE_METHOD_MATCH = YES;
				CODE_SIGN_IDENTITY = "iPhone Developer";
				COPY_PHASE_STRIP = NO;
				CURRENT_PROJECT_VERSION = 1;
				DEBUG_INFORMATION_FORMAT = dwarf;
				ENABLE_STRICT_OBJC_MSGSEND = YES;
				ENABLE_TESTABILITY = YES;
				GCC_C_LANGUAGE_STANDARD = gnu11;
				GCC_DYNAMIC_NO_PIC = NO;
				GCC_NO_COMMON_BLOCKS = YES;
				GCC_OPTIMIZATION_LEVEL = 0;
				GCC_PREPROCESSOR_DEFINITIONS = (
					"DEBUG=1",
					"$(inherited)",
				);
				GCC_WARN_64_TO_32_BIT_CONVERSION = YES;
				GCC_WARN_ABOUT_RETURN_TYPE = YES_ERROR;
				GCC_WARN_UNDECLARED_SELECTOR = YES;
				GCC_WARN_UNINITIALIZED_AUTOS = YES_AGGRESSIVE;
				GCC_WARN_UNUSED_FUNCTION = YES;
				GCC_WARN_UNUSED_VARIABLE = YES;
				IPHONEOS_DEPLOYMENT_TARGET = 9.0;
				MTL_ENABLE_DEBUG_INFO = YES;
				ONLY_ACTIVE_ARCH = YES;
				SDKROOT = iphoneos;
				SWIFT_ACTIVE_COMPILATION_CONDITIONS = DEBUG;
				SWIFT_OPTIMIZATION_LEVEL = "-Onone";
				VERSIONING_SYSTEM = "apple-generic";
				VERSION_INFO_PREFIX = "";
			};
			name = Debug;
		};
		52A72DC31F83D28A0024DCD9 /* Release */ = {
			isa = XCBuildConfiguration;
			buildSettings = {
				ALWAYS_SEARCH_USER_PATHS = NO;
				CLANG_ANALYZER_NONNULL = YES;
				CLANG_ANALYZER_NUMBER_OBJECT_CONVERSION = YES_AGGRESSIVE;
				CLANG_CXX_LANGUAGE_STANDARD = "gnu++14";
				CLANG_CXX_LIBRARY = "libc++";
				CLANG_ENABLE_MODULES = YES;
				CLANG_ENABLE_OBJC_ARC = YES;
				CLANG_WARN_BLOCK_CAPTURE_AUTORELEASING = YES;
				CLANG_WARN_BOOL_CONVERSION = YES;
				CLANG_WARN_COMMA = YES;
				CLANG_WARN_CONSTANT_CONVERSION = YES;
				CLANG_WARN_DIRECT_OBJC_ISA_USAGE = YES_ERROR;
				CLANG_WARN_DOCUMENTATION_COMMENTS = YES;
				CLANG_WARN_EMPTY_BODY = YES;
				CLANG_WARN_ENUM_CONVERSION = YES;
				CLANG_WARN_INFINITE_RECURSION = YES;
				CLANG_WARN_INT_CONVERSION = YES;
				CLANG_WARN_NON_LITERAL_NULL_CONVERSION = YES;
				CLANG_WARN_OBJC_LITERAL_CONVERSION = YES;
				CLANG_WARN_OBJC_ROOT_CLASS = YES_ERROR;
				CLANG_WARN_RANGE_LOOP_ANALYSIS = YES;
				CLANG_WARN_STRICT_PROTOTYPES = YES;
				CLANG_WARN_SUSPICIOUS_MOVE = YES;
				CLANG_WARN_UNGUARDED_AVAILABILITY = YES_AGGRESSIVE;
				CLANG_WARN_UNREACHABLE_CODE = YES;
				CLANG_WARN__DUPLICATE_METHOD_MATCH = YES;
				CODE_SIGN_IDENTITY = "iPhone Developer";
				COPY_PHASE_STRIP = NO;
				CURRENT_PROJECT_VERSION = 1;
				DEBUG_INFORMATION_FORMAT = "dwarf-with-dsym";
				ENABLE_NS_ASSERTIONS = NO;
				ENABLE_STRICT_OBJC_MSGSEND = YES;
				GCC_C_LANGUAGE_STANDARD = gnu11;
				GCC_NO_COMMON_BLOCKS = YES;
				GCC_WARN_64_TO_32_BIT_CONVERSION = YES;
				GCC_WARN_ABOUT_RETURN_TYPE = YES_ERROR;
				GCC_WARN_UNDECLARED_SELECTOR = YES;
				GCC_WARN_UNINITIALIZED_AUTOS = YES_AGGRESSIVE;
				GCC_WARN_UNUSED_FUNCTION = YES;
				GCC_WARN_UNUSED_VARIABLE = YES;
				IPHONEOS_DEPLOYMENT_TARGET = 9.0;
				MTL_ENABLE_DEBUG_INFO = NO;
				SDKROOT = iphoneos;
				SWIFT_OPTIMIZATION_LEVEL = "-Owholemodule";
				VALIDATE_PRODUCT = YES;
				VERSIONING_SYSTEM = "apple-generic";
				VERSION_INFO_PREFIX = "";
			};
			name = Release;
		};
		52A72DC51F83D28A0024DCD9 /* Debug */ = {
			isa = XCBuildConfiguration;
			buildSettings = {
				CLANG_ENABLE_MODULES = YES;
				CODE_SIGN_IDENTITY = "";
				CODE_SIGN_STYLE = Automatic;
				DEFINES_MODULE = YES;
				DEVELOPMENT_TEAM = 72NU66U8WE;
				DYLIB_COMPATIBILITY_VERSION = 1;
				DYLIB_CURRENT_VERSION = 1;
				DYLIB_INSTALL_NAME_BASE = "@rpath";
				INFOPLIST_FILE = DynamoCollectionView/Info.plist;
				INSTALL_PATH = "$(LOCAL_LIBRARY_DIR)/Frameworks";
				LD_RUNPATH_SEARCH_PATHS = "$(inherited) @executable_path/Frameworks @loader_path/Frameworks";
				PRODUCT_BUNDLE_IDENTIFIER = com.Eventful.DynamoCollectionView;
				PRODUCT_NAME = "$(TARGET_NAME:c99extidentifier)";
				SKIP_INSTALL = YES;
				SWIFT_OPTIMIZATION_LEVEL = "-Onone";
				SWIFT_VERSION = 4.0;
				TARGETED_DEVICE_FAMILY = "1,2";
			};
			name = Debug;
		};
		52A72DC61F83D28A0024DCD9 /* Release */ = {
			isa = XCBuildConfiguration;
			buildSettings = {
				CLANG_ENABLE_MODULES = YES;
				CODE_SIGN_IDENTITY = "";
				CODE_SIGN_STYLE = Automatic;
				DEFINES_MODULE = YES;
				DEVELOPMENT_TEAM = 72NU66U8WE;
				DYLIB_COMPATIBILITY_VERSION = 1;
				DYLIB_CURRENT_VERSION = 1;
				DYLIB_INSTALL_NAME_BASE = "@rpath";
				INFOPLIST_FILE = DynamoCollectionView/Info.plist;
				INSTALL_PATH = "$(LOCAL_LIBRARY_DIR)/Frameworks";
				LD_RUNPATH_SEARCH_PATHS = "$(inherited) @executable_path/Frameworks @loader_path/Frameworks";
				PRODUCT_BUNDLE_IDENTIFIER = com.Eventful.DynamoCollectionView;
				PRODUCT_NAME = "$(TARGET_NAME:c99extidentifier)";
				SKIP_INSTALL = YES;
				SWIFT_VERSION = 4.0;
				TARGETED_DEVICE_FAMILY = "1,2";
			};
			name = Release;
		};
		52A72DE11F83D39E0024DCD9 /* Debug */ = {
			isa = XCBuildConfiguration;
			buildSettings = {
				ALWAYS_EMBED_SWIFT_STANDARD_LIBRARIES = YES;
				ASSETCATALOG_COMPILER_APPICON_NAME = AppIcon;
				CODE_SIGN_STYLE = Automatic;
				DEVELOPMENT_TEAM = 72NU66U8WE;
				INFOPLIST_FILE = DynamoCollectionViewDemoApp/Info.plist;
				LD_RUNPATH_SEARCH_PATHS = "$(inherited) @executable_path/Frameworks";
				PRODUCT_BUNDLE_IDENTIFIER = com.Eventful.DynamoCollectionViewDemoApp;
				PRODUCT_NAME = "$(TARGET_NAME)";
				SWIFT_VERSION = 4.0;
				TARGETED_DEVICE_FAMILY = "1,2";
			};
			name = Debug;
		};
		52A72DE21F83D39E0024DCD9 /* Release */ = {
			isa = XCBuildConfiguration;
			buildSettings = {
				ALWAYS_EMBED_SWIFT_STANDARD_LIBRARIES = YES;
				ASSETCATALOG_COMPILER_APPICON_NAME = AppIcon;
				CODE_SIGN_STYLE = Automatic;
				DEVELOPMENT_TEAM = 72NU66U8WE;
				INFOPLIST_FILE = DynamoCollectionViewDemoApp/Info.plist;
				LD_RUNPATH_SEARCH_PATHS = "$(inherited) @executable_path/Frameworks";
				PRODUCT_BUNDLE_IDENTIFIER = com.Eventful.DynamoCollectionViewDemoApp;
				PRODUCT_NAME = "$(TARGET_NAME)";
				SWIFT_VERSION = 4.0;
				TARGETED_DEVICE_FAMILY = "1,2";
			};
			name = Release;
		};
/* End XCBuildConfiguration section */

/* Begin XCConfigurationList section */
		52A72DB61F83D28A0024DCD9 /* Build configuration list for PBXProject "DynamoCollectionView" */ = {
			isa = XCConfigurationList;
			buildConfigurations = (
				52A72DC21F83D28A0024DCD9 /* Debug */,
				52A72DC31F83D28A0024DCD9 /* Release */,
			);
			defaultConfigurationIsVisible = 0;
			defaultConfigurationName = Release;
		};
		52A72DC41F83D28A0024DCD9 /* Build configuration list for PBXNativeTarget "DynamoCollectionView" */ = {
			isa = XCConfigurationList;
			buildConfigurations = (
				52A72DC51F83D28A0024DCD9 /* Debug */,
				52A72DC61F83D28A0024DCD9 /* Release */,
			);
			defaultConfigurationIsVisible = 0;
			defaultConfigurationName = Release;
		};
		52A72DE31F83D39E0024DCD9 /* Build configuration list for PBXNativeTarget "DynamoCollectionViewDemoApp" */ = {
			isa = XCConfigurationList;
			buildConfigurations = (
				52A72DE11F83D39E0024DCD9 /* Debug */,
				52A72DE21F83D39E0024DCD9 /* Release */,
			);
			defaultConfigurationIsVisible = 0;
			defaultConfigurationName = Release;
		};
/* End XCConfigurationList section */
	};
	rootObject = 52A72DB31F83D28A0024DCD9 /* Project object */;
}
