// !$*UTF8*$!
{
	archiveVersion = 1;
	classes = {
	};
	objectVersion = 46;
	objects = {

/* Begin PBXBuildFile section */
		0719CDF51F54DC360076E678 /* Assets.xcassets in Resources */ = {isa = PBXBuildFile; fileRef = 0719CDF41F54DC360076E678 /* Assets.xcassets */; };
		071C9E101F415E680021D5A3 /* AttendService.swift in Sources */ = {isa = PBXBuildFile; fileRef = 071C9E0F1F415E680021D5A3 /* AttendService.swift */; };
		07370C841F4A4CC8006DC7A2 /* StorageService.swift in Sources */ = {isa = PBXBuildFile; fileRef = 07370C831F4A4CC8006DC7A2 /* StorageService.swift */; };
		0738DD391F3DC1340093F51B /* CustomImageView.swift in Sources */ = {isa = PBXBuildFile; fileRef = 0738DD381F3DC1340093F51B /* CustomImageView.swift */; };
		073AFDC51F45E4FB009D4773 /* FollowService.swift in Sources */ = {isa = PBXBuildFile; fileRef = 073AFDC41F45E4FB009D4773 /* FollowService.swift */; };
		0741702C20468A1F006B236B /* NotificationCell.swift in Sources */ = {isa = PBXBuildFile; fileRef = 0741702B20468A1F006B236B /* NotificationCell.swift */; };
		0741702E20474D12006B236B /* NotificationSectionController.swift in Sources */ = {isa = PBXBuildFile; fileRef = 0741702D20474D12006B236B /* NotificationSectionController.swift */; };
		07417030204751DB006B236B /* NotificationService.swift in Sources */ = {isa = PBXBuildFile; fileRef = 0741702F204751DB006B236B /* NotificationService.swift */; };
		07437F1A1F267CA900CE728B /* AppDelegate.swift in Sources */ = {isa = PBXBuildFile; fileRef = 07437F191F267CA900CE728B /* AppDelegate.swift */; };
		07437F1F1F267CA900CE728B /* Main.storyboard in Resources */ = {isa = PBXBuildFile; fileRef = 07437F1D1F267CA900CE728B /* Main.storyboard */; };
		07437F241F267CA900CE728B /* LaunchScreen.storyboard in Resources */ = {isa = PBXBuildFile; fileRef = 07437F221F267CA900CE728B /* LaunchScreen.storyboard */; };
		07437F3B1F28D4B900CE728B /* GoogleService-Info.plist in Resources */ = {isa = PBXBuildFile; fileRef = 07437F3A1F28D4B900CE728B /* GoogleService-Info.plist */; };
		07437F3D1F28D4C500CE728B /* Extensions.swift in Sources */ = {isa = PBXBuildFile; fileRef = 07437F3C1F28D4C500CE728B /* Extensions.swift */; };
		07437F3F1F28D52200CE728B /* Default-568h@2x.png in Resources */ = {isa = PBXBuildFile; fileRef = 07437F3E1F28D52200CE728B /* Default-568h@2x.png */; };
		07437F441F290F9F00CE728B /* User.swift in Sources */ = {isa = PBXBuildFile; fileRef = 07437F431F290F9F00CE728B /* User.swift */; };
		07437F461F2911E500CE728B /* AuthService.swift in Sources */ = {isa = PBXBuildFile; fileRef = 07437F451F2911E500CE728B /* AuthService.swift */; };
		07437F491F29167000CE728B /* UserService.swift in Sources */ = {isa = PBXBuildFile; fileRef = 07437F481F29167000CE728B /* UserService.swift */; };
		0747A9DB20375C6600F725C7 /* NotificationsViewController.swift in Sources */ = {isa = PBXBuildFile; fileRef = 0747A9DA20375C6600F725C7 /* NotificationsViewController.swift */; };
		0747A9DD20375C7D00F725C7 /* LoginViewController.swift in Sources */ = {isa = PBXBuildFile; fileRef = 0747A9DC20375C7D00F725C7 /* LoginViewController.swift */; };
		0747A9E020375C9500F725C7 /* SignUpViewController.swift in Sources */ = {isa = PBXBuildFile; fileRef = 0747A9DE20375C9500F725C7 /* SignUpViewController.swift */; };
		0747A9E120375C9500F725C7 /* ForgotPasswordViewController.swift in Sources */ = {isa = PBXBuildFile; fileRef = 0747A9DF20375C9500F725C7 /* ForgotPasswordViewController.swift */; };
		0747A9E320375CD800F725C7 /* HomeViewController.swift in Sources */ = {isa = PBXBuildFile; fileRef = 0747A9E220375CD800F725C7 /* HomeViewController.swift */; };
		0747A9EB20375CF300F725C7 /* ProfileCollectionViewCell.swift in Sources */ = {isa = PBXBuildFile; fileRef = 0747A9E420375CF200F725C7 /* ProfileCollectionViewCell.swift */; };
		0747A9EC20375CF300F725C7 /* EventDetailsCell.swift in Sources */ = {isa = PBXBuildFile; fileRef = 0747A9E520375CF200F725C7 /* EventDetailsCell.swift */; };
		0747A9ED20375CF300F725C7 /* FriendsEventsView.swift in Sources */ = {isa = PBXBuildFile; fileRef = 0747A9E620375CF200F725C7 /* FriendsEventsView.swift */; };
		0747A9EE20375CF300F725C7 /* CollapsibleTableViewHeader.swift in Sources */ = {isa = PBXBuildFile; fileRef = 0747A9E720375CF200F725C7 /* CollapsibleTableViewHeader.swift */; };
		0747A9EF20375CF300F725C7 /* ImageCollectionViewCell.swift in Sources */ = {isa = PBXBuildFile; fileRef = 0747A9E820375CF300F725C7 /* ImageCollectionViewCell.swift */; };
		0747A9F020375CF300F725C7 /* SideMenu.swift in Sources */ = {isa = PBXBuildFile; fileRef = 0747A9E920375CF300F725C7 /* SideMenu.swift */; };
		0747A9F120375CF300F725C7 /* ImageViewForURL.swift in Sources */ = {isa = PBXBuildFile; fileRef = 0747A9EA20375CF300F725C7 /* ImageViewForURL.swift */; };
		0747A9F620375D2400F725C7 /* HomeFeedCell.swift in Sources */ = {isa = PBXBuildFile; fileRef = 0747A9F220375D2400F725C7 /* HomeFeedCell.swift */; };
		0747A9F720375D2400F725C7 /* DropDownLauncher.swift in Sources */ = {isa = PBXBuildFile; fileRef = 0747A9F320375D2400F725C7 /* DropDownLauncher.swift */; };
		0747A9F820375D2400F725C7 /* DropDownCell.swift in Sources */ = {isa = PBXBuildFile; fileRef = 0747A9F420375D2400F725C7 /* DropDownCell.swift */; };
		0747A9F920375D2400F725C7 /* HomeFeedController.swift in Sources */ = {isa = PBXBuildFile; fileRef = 0747A9F520375D2400F725C7 /* HomeFeedController.swift */; };
		0747A9FE20375D3B00F725C7 /* AlterProfileViewController.swift in Sources */ = {isa = PBXBuildFile; fileRef = 0747A9FA20375D3B00F725C7 /* AlterProfileViewController.swift */; };
		0747A9FF20375D3B00F725C7 /* ProfileeViewController.swift in Sources */ = {isa = PBXBuildFile; fileRef = 0747A9FB20375D3B00F725C7 /* ProfileeViewController.swift */; };
		0747AA0020375D3B00F725C7 /* UserEventAttendingCell.swift in Sources */ = {isa = PBXBuildFile; fileRef = 0747A9FC20375D3B00F725C7 /* UserEventAttendingCell.swift */; };
		0747AA0120375D3B00F725C7 /* UserHeader.swift in Sources */ = {isa = PBXBuildFile; fileRef = 0747A9FD20375D3B00F725C7 /* UserHeader.swift */; };
		0747AA0320375D5E00F725C7 /* SettingsViewController.swift in Sources */ = {isa = PBXBuildFile; fileRef = 0747AA0220375D5E00F725C7 /* SettingsViewController.swift */; };
		0747AA0820375D6E00F725C7 /* CircularTransition.swift in Sources */ = {isa = PBXBuildFile; fileRef = 0747AA0420375D6D00F725C7 /* CircularTransition.swift */; };
		0747AA0920375D6E00F725C7 /* EventPromoVideoPlayer.swift in Sources */ = {isa = PBXBuildFile; fileRef = 0747AA0520375D6D00F725C7 /* EventPromoVideoPlayer.swift */; };
		0747AA0A20375D6E00F725C7 /* EventDetailViewController.swift in Sources */ = {isa = PBXBuildFile; fileRef = 0747AA0620375D6D00F725C7 /* EventDetailViewController.swift */; };
		0747AA0B20375D6E00F725C7 /* VideoLauncher.swift in Sources */ = {isa = PBXBuildFile; fileRef = 0747AA0720375D6E00F725C7 /* VideoLauncher.swift */; };
		0747AA1320375D8500F725C7 /* CommentCell.swift in Sources */ = {isa = PBXBuildFile; fileRef = 0747AA0C20375D8400F725C7 /* CommentCell.swift */; };
		0747AA1420375D8500F725C7 /* CommentsSectionController.swift in Sources */ = {isa = PBXBuildFile; fileRef = 0747AA0D20375D8400F725C7 /* CommentsSectionController.swift */; };
		0747AA1520375D8500F725C7 /* CommentsHeaderSectionController.swift in Sources */ = {isa = PBXBuildFile; fileRef = 0747AA0E20375D8400F725C7 /* CommentsHeaderSectionController.swift */; };
		0747AA1620375D8500F725C7 /* NewCommentsViewController.swift in Sources */ = {isa = PBXBuildFile; fileRef = 0747AA0F20375D8400F725C7 /* NewCommentsViewController.swift */; };
		0747AA1720375D8500F725C7 /* CommentInputAccessoryView.swift in Sources */ = {isa = PBXBuildFile; fileRef = 0747AA1020375D8500F725C7 /* CommentInputAccessoryView.swift */; };
		0747AA1820375D8500F725C7 /* CommentInputTextView.swift in Sources */ = {isa = PBXBuildFile; fileRef = 0747AA1120375D8500F725C7 /* CommentInputTextView.swift */; };
		0747AA1920375D8500F725C7 /* CommentsHeader.swift in Sources */ = {isa = PBXBuildFile; fileRef = 0747AA1220375D8500F725C7 /* CommentsHeader.swift */; };
		0747AA1F20375E0E00F725C7 /* EventSearchHeader.swift in Sources */ = {isa = PBXBuildFile; fileRef = 0747AA1A20375E0D00F725C7 /* EventSearchHeader.swift */; };
		0747AA2020375E0E00F725C7 /* UserSearchCell.swift in Sources */ = {isa = PBXBuildFile; fileRef = 0747AA1B20375E0D00F725C7 /* UserSearchCell.swift */; };
		0747AA2120375E0E00F725C7 /* EventSearchCell.swift in Sources */ = {isa = PBXBuildFile; fileRef = 0747AA1C20375E0E00F725C7 /* EventSearchCell.swift */; };
		0747AA2220375E0E00F725C7 /* SearchViewController.swift in Sources */ = {isa = PBXBuildFile; fileRef = 0747AA1D20375E0E00F725C7 /* SearchViewController.swift */; };
		0747AA2320375E0E00F725C7 /* SearchProfileViewController.swift in Sources */ = {isa = PBXBuildFile; fileRef = 0747AA1E20375E0E00F725C7 /* SearchProfileViewController.swift */; };
		0747AA2820375E2A00F725C7 /* CameraController.swift in Sources */ = {isa = PBXBuildFile; fileRef = 0747AA2420375E2A00F725C7 /* CameraController.swift */; };
		0747AA2920375E2A00F725C7 /* VideoViewController.swift in Sources */ = {isa = PBXBuildFile; fileRef = 0747AA2520375E2A00F725C7 /* VideoViewController.swift */; };
		0747AA2A20375E2A00F725C7 /* StoriesViewController.swift in Sources */ = {isa = PBXBuildFile; fileRef = 0747AA2620375E2A00F725C7 /* StoriesViewController.swift */; };
		0747AA2B20375E2A00F725C7 /* PhotoViewController.swift in Sources */ = {isa = PBXBuildFile; fileRef = 0747AA2720375E2A00F725C7 /* PhotoViewController.swift */; };
		0747AA2D20375E4400F725C7 /* StroyCell.swift in Sources */ = {isa = PBXBuildFile; fileRef = 0747AA2C20375E4400F725C7 /* StroyCell.swift */; };
		0747AA3020375E6500F725C7 /* Storage.swift in Sources */ = {isa = PBXBuildFile; fileRef = 0747AA2E20375E6500F725C7 /* Storage.swift */; };
		0747AA3320375E7F00F725C7 /* EventService.swift in Sources */ = {isa = PBXBuildFile; fileRef = 0747AA3220375E7F00F725C7 /* EventService.swift */; };
		0747AA39203779D900F725C7 /* CommentGrabbed.swift in Sources */ = {isa = PBXBuildFile; fileRef = 0747AA36203779D900F725C7 /* CommentGrabbed.swift */; };
		0747AA3A203779D900F725C7 /* Event.swift in Sources */ = {isa = PBXBuildFile; fileRef = 0747AA37203779D900F725C7 /* Event.swift */; };
		0747AA3B203779D900F725C7 /* Friend.swift in Sources */ = {isa = PBXBuildFile; fileRef = 0747AA38203779D900F725C7 /* Friend.swift */; };
		0747AA3D20377A2900F725C7 /* NSLayoutConstraint.swift in Sources */ = {isa = PBXBuildFile; fileRef = 0747AA3C20377A2900F725C7 /* NSLayoutConstraint.swift */; };
		074D75A0200C8E8C0044C3AD /* LocationService.swift in Sources */ = {isa = PBXBuildFile; fileRef = 074D759F200C8E8C0044C3AD /* LocationService.swift */; };
		0753E7D72041E2AF00B882E4 /* Notification.swift in Sources */ = {isa = PBXBuildFile; fileRef = 0753E7D62041E2AF00B882E4 /* Notification.swift */; };
		0753E7D92043CF9E00B882E4 /* FollowNotification.swift in Sources */ = {isa = PBXBuildFile; fileRef = 0753E7D82043CF9E00B882E4 /* FollowNotification.swift */; };
		07D923A81F33C61D0069613D /* Storyboard+Utility.swift in Sources */ = {isa = PBXBuildFile; fileRef = 07D923A71F33C61D0069613D /* Storyboard+Utility.swift */; };
		07F3EC591F4A57C3005296EB /* PostService.swift in Sources */ = {isa = PBXBuildFile; fileRef = 07F3EC581F4A57C3005296EB /* PostService.swift */; };
		07F3EC5E1F4B7B28005296EB /* StoryService.swift in Sources */ = {isa = PBXBuildFile; fileRef = 07F3EC5D1F4B7B28005296EB /* StoryService.swift */; };
		07F3EC601F4B7BE9005296EB /* Story.swift in Sources */ = {isa = PBXBuildFile; fileRef = 07F3EC5F1F4B7BE9005296EB /* Story.swift */; };
		07FF92B91F3627A300FC9716 /* Post.swift in Sources */ = {isa = PBXBuildFile; fileRef = 07FF92B81F3627A300FC9716 /* Post.swift */; };
		07FF92C91F3B898C00FC9716 /* Comment.swift in Sources */ = {isa = PBXBuildFile; fileRef = 07FF92C81F3B898C00FC9716 /* Comment.swift */; };
		07FF92CB1F3B925800FC9716 /* ChatService.swift in Sources */ = {isa = PBXBuildFile; fileRef = 07FF92CA1F3B925800FC9716 /* ChatService.swift */; };
		52D748CA1F84C17A00357DDF /* DynamoCollectionView.framework in Frameworks */ = {isa = PBXBuildFile; fileRef = 52D748C91F84C16E00357DDF /* DynamoCollectionView.framework */; };
		52D748CB1F84C17A00357DDF /* DynamoCollectionView.framework in Embed Frameworks */ = {isa = PBXBuildFile; fileRef = 52D748C91F84C16E00357DDF /* DynamoCollectionView.framework */; settings = {ATTRIBUTES = (CodeSignOnCopy, RemoveHeadersOnCopy, ); }; };
		F277E01C2A00DE5C23A3A9DD /* Pods_Eventful.framework in Frameworks */ = {isa = PBXBuildFile; fileRef = 1746B55EBA2E6BE797E81DA6 /* Pods_Eventful.framework */; };
/* End PBXBuildFile section */

/* Begin PBXCopyFilesBuildPhase section */
		52D748CC1F84C17A00357DDF /* Embed Frameworks */ = {
			isa = PBXCopyFilesBuildPhase;
			buildActionMask = 2147483647;
			dstPath = "";
			dstSubfolderSpec = 10;
			files = (
				52D748CB1F84C17A00357DDF /* DynamoCollectionView.framework in Embed Frameworks */,
			);
			name = "Embed Frameworks";
			runOnlyForDeploymentPostprocessing = 0;
		};
/* End PBXCopyFilesBuildPhase section */

/* Begin PBXFileReference section */
		0719CDF41F54DC360076E678 /* Assets.xcassets */ = {isa = PBXFileReference; lastKnownFileType = folder.assetcatalog; path = Assets.xcassets; sourceTree = "<group>"; };
		071C9E0F1F415E680021D5A3 /* AttendService.swift */ = {isa = PBXFileReference; fileEncoding = 4; lastKnownFileType = sourcecode.swift; name = AttendService.swift; path = Services/AttendService.swift; sourceTree = "<group>"; };
		07370C831F4A4CC8006DC7A2 /* StorageService.swift */ = {isa = PBXFileReference; fileEncoding = 4; lastKnownFileType = sourcecode.swift; name = StorageService.swift; path = Services/StorageService.swift; sourceTree = "<group>"; };
		0738DD381F3DC1340093F51B /* CustomImageView.swift */ = {isa = PBXFileReference; fileEncoding = 4; lastKnownFileType = sourcecode.swift; name = CustomImageView.swift; path = Models/CustomImageView.swift; sourceTree = "<group>"; };
		073AFDC41F45E4FB009D4773 /* FollowService.swift */ = {isa = PBXFileReference; fileEncoding = 4; lastKnownFileType = sourcecode.swift; name = FollowService.swift; path = Services/FollowService.swift; sourceTree = "<group>"; };
		0741702B20468A1F006B236B /* NotificationCell.swift */ = {isa = PBXFileReference; lastKnownFileType = sourcecode.swift; name = NotificationCell.swift; path = Controllers/Notifications/NotificationCell.swift; sourceTree = "<group>"; };
		0741702D20474D12006B236B /* NotificationSectionController.swift */ = {isa = PBXFileReference; lastKnownFileType = sourcecode.swift; name = NotificationSectionController.swift; path = Controllers/Notifications/NotificationSectionController.swift; sourceTree = "<group>"; };
		0741702F204751DB006B236B /* NotificationService.swift */ = {isa = PBXFileReference; lastKnownFileType = sourcecode.swift; name = NotificationService.swift; path = Services/NotificationService.swift; sourceTree = "<group>"; };
		07437F161F267CA900CE728B /* Eventful.app */ = {isa = PBXFileReference; explicitFileType = wrapper.application; includeInIndex = 0; path = Eventful.app; sourceTree = BUILT_PRODUCTS_DIR; };
		07437F191F267CA900CE728B /* AppDelegate.swift */ = {isa = PBXFileReference; lastKnownFileType = sourcecode.swift; path = AppDelegate.swift; sourceTree = "<group>"; };
		07437F1E1F267CA900CE728B /* Base */ = {isa = PBXFileReference; lastKnownFileType = file.storyboard; name = Base; path = Base.lproj/Main.storyboard; sourceTree = "<group>"; };
		07437F231F267CA900CE728B /* Base */ = {isa = PBXFileReference; lastKnownFileType = file.storyboard; name = Base; path = Base.lproj/LaunchScreen.storyboard; sourceTree = "<group>"; };
		07437F381F28D4AD00CE728B /* Info.plist */ = {isa = PBXFileReference; fileEncoding = 4; lastKnownFileType = text.plist.xml; name = Info.plist; path = Supporting/Info.plist; sourceTree = "<group>"; };
		07437F3A1F28D4B900CE728B /* GoogleService-Info.plist */ = {isa = PBXFileReference; fileEncoding = 4; lastKnownFileType = text.plist.xml; name = "GoogleService-Info.plist"; path = "Supporting/GoogleService-Info.plist"; sourceTree = "<group>"; };
		07437F3C1F28D4C500CE728B /* Extensions.swift */ = {isa = PBXFileReference; fileEncoding = 4; lastKnownFileType = sourcecode.swift; name = Extensions.swift; path = Extensions/Extensions.swift; sourceTree = "<group>"; };
		07437F3E1F28D52200CE728B /* Default-568h@2x.png */ = {isa = PBXFileReference; lastKnownFileType = image.png; path = "Default-568h@2x.png"; sourceTree = "<group>"; };
		07437F431F290F9F00CE728B /* User.swift */ = {isa = PBXFileReference; fileEncoding = 4; lastKnownFileType = sourcecode.swift; name = User.swift; path = Models/User.swift; sourceTree = "<group>"; };
		07437F451F2911E500CE728B /* AuthService.swift */ = {isa = PBXFileReference; fileEncoding = 4; lastKnownFileType = sourcecode.swift; name = AuthService.swift; path = Services/AuthService.swift; sourceTree = "<group>"; };
		07437F481F29167000CE728B /* UserService.swift */ = {isa = PBXFileReference; fileEncoding = 4; lastKnownFileType = sourcecode.swift; name = UserService.swift; path = Services/UserService.swift; sourceTree = "<group>"; };
		0747A9DA20375C6600F725C7 /* NotificationsViewController.swift */ = {isa = PBXFileReference; fileEncoding = 4; lastKnownFileType = sourcecode.swift; name = NotificationsViewController.swift; path = Controllers/Notifications/NotificationsViewController.swift; sourceTree = "<group>"; };
		0747A9DC20375C7D00F725C7 /* LoginViewController.swift */ = {isa = PBXFileReference; fileEncoding = 4; lastKnownFileType = sourcecode.swift; name = LoginViewController.swift; path = Controllers/Login/LoginViewController.swift; sourceTree = "<group>"; };
		0747A9DE20375C9500F725C7 /* SignUpViewController.swift */ = {isa = PBXFileReference; fileEncoding = 4; lastKnownFileType = sourcecode.swift; name = SignUpViewController.swift; path = Controllers/SignUp/SignUpViewController.swift; sourceTree = "<group>"; };
		0747A9DF20375C9500F725C7 /* ForgotPasswordViewController.swift */ = {isa = PBXFileReference; fileEncoding = 4; lastKnownFileType = sourcecode.swift; name = ForgotPasswordViewController.swift; path = Controllers/SignUp/ForgotPasswordViewController.swift; sourceTree = "<group>"; };
		0747A9E220375CD800F725C7 /* HomeViewController.swift */ = {isa = PBXFileReference; fileEncoding = 4; lastKnownFileType = sourcecode.swift; name = HomeViewController.swift; path = Controllers/RootView/HomeViewController.swift; sourceTree = "<group>"; };
		0747A9E420375CF200F725C7 /* ProfileCollectionViewCell.swift */ = {isa = PBXFileReference; fileEncoding = 4; lastKnownFileType = sourcecode.swift; name = ProfileCollectionViewCell.swift; path = Controllers/RootView/ProfileCollectionViewCell.swift; sourceTree = "<group>"; };
		0747A9E520375CF200F725C7 /* EventDetailsCell.swift */ = {isa = PBXFileReference; fileEncoding = 4; lastKnownFileType = sourcecode.swift; name = EventDetailsCell.swift; path = Controllers/RootView/EventDetailsCell.swift; sourceTree = "<group>"; };
		0747A9E620375CF200F725C7 /* FriendsEventsView.swift */ = {isa = PBXFileReference; fileEncoding = 4; lastKnownFileType = sourcecode.swift; name = FriendsEventsView.swift; path = Controllers/RootView/FriendsEventsView.swift; sourceTree = "<group>"; };
		0747A9E720375CF200F725C7 /* CollapsibleTableViewHeader.swift */ = {isa = PBXFileReference; fileEncoding = 4; lastKnownFileType = sourcecode.swift; name = CollapsibleTableViewHeader.swift; path = Controllers/RootView/CollapsibleTableViewHeader.swift; sourceTree = "<group>"; };
		0747A9E820375CF300F725C7 /* ImageCollectionViewCell.swift */ = {isa = PBXFileReference; fileEncoding = 4; lastKnownFileType = sourcecode.swift; name = ImageCollectionViewCell.swift; path = Controllers/RootView/ImageCollectionViewCell.swift; sourceTree = "<group>"; };
		0747A9E920375CF300F725C7 /* SideMenu.swift */ = {isa = PBXFileReference; fileEncoding = 4; lastKnownFileType = sourcecode.swift; name = SideMenu.swift; path = Controllers/RootView/SideMenu.swift; sourceTree = "<group>"; };
		0747A9EA20375CF300F725C7 /* ImageViewForURL.swift */ = {isa = PBXFileReference; fileEncoding = 4; lastKnownFileType = sourcecode.swift; name = ImageViewForURL.swift; path = Controllers/RootView/ImageViewForURL.swift; sourceTree = "<group>"; };
		0747A9F220375D2400F725C7 /* HomeFeedCell.swift */ = {isa = PBXFileReference; fileEncoding = 4; lastKnownFileType = sourcecode.swift; name = HomeFeedCell.swift; path = "Controllers/Home Feed/HomeFeedCell.swift"; sourceTree = "<group>"; };
		0747A9F320375D2400F725C7 /* DropDownLauncher.swift */ = {isa = PBXFileReference; fileEncoding = 4; lastKnownFileType = sourcecode.swift; name = DropDownLauncher.swift; path = "Controllers/Home Feed/DropDownLauncher.swift"; sourceTree = "<group>"; };
		0747A9F420375D2400F725C7 /* DropDownCell.swift */ = {isa = PBXFileReference; fileEncoding = 4; lastKnownFileType = sourcecode.swift; name = DropDownCell.swift; path = "Controllers/Home Feed/DropDownCell.swift"; sourceTree = "<group>"; };
		0747A9F520375D2400F725C7 /* HomeFeedController.swift */ = {isa = PBXFileReference; fileEncoding = 4; lastKnownFileType = sourcecode.swift; name = HomeFeedController.swift; path = "Controllers/Home Feed/HomeFeedController.swift"; sourceTree = "<group>"; };
		0747A9FA20375D3B00F725C7 /* AlterProfileViewController.swift */ = {isa = PBXFileReference; fileEncoding = 4; lastKnownFileType = sourcecode.swift; name = AlterProfileViewController.swift; path = Controllers/Profile/AlterProfileViewController.swift; sourceTree = "<group>"; };
		0747A9FB20375D3B00F725C7 /* ProfileeViewController.swift */ = {isa = PBXFileReference; fileEncoding = 4; lastKnownFileType = sourcecode.swift; name = ProfileeViewController.swift; path = Controllers/Profile/ProfileeViewController.swift; sourceTree = "<group>"; };
		0747A9FC20375D3B00F725C7 /* UserEventAttendingCell.swift */ = {isa = PBXFileReference; fileEncoding = 4; lastKnownFileType = sourcecode.swift; name = UserEventAttendingCell.swift; path = Controllers/Profile/UserEventAttendingCell.swift; sourceTree = "<group>"; };
		0747A9FD20375D3B00F725C7 /* UserHeader.swift */ = {isa = PBXFileReference; fileEncoding = 4; lastKnownFileType = sourcecode.swift; name = UserHeader.swift; path = Controllers/Profile/UserHeader.swift; sourceTree = "<group>"; };
		0747AA0220375D5E00F725C7 /* SettingsViewController.swift */ = {isa = PBXFileReference; fileEncoding = 4; lastKnownFileType = sourcecode.swift; name = SettingsViewController.swift; path = Controllers/Settings/SettingsViewController.swift; sourceTree = "<group>"; };
		0747AA0420375D6D00F725C7 /* CircularTransition.swift */ = {isa = PBXFileReference; fileEncoding = 4; lastKnownFileType = sourcecode.swift; name = CircularTransition.swift; path = Controllers/EventDetail/CircularTransition.swift; sourceTree = "<group>"; };
		0747AA0520375D6D00F725C7 /* EventPromoVideoPlayer.swift */ = {isa = PBXFileReference; fileEncoding = 4; lastKnownFileType = sourcecode.swift; name = EventPromoVideoPlayer.swift; path = Controllers/EventDetail/EventPromoVideoPlayer.swift; sourceTree = "<group>"; };
		0747AA0620375D6D00F725C7 /* EventDetailViewController.swift */ = {isa = PBXFileReference; fileEncoding = 4; lastKnownFileType = sourcecode.swift; name = EventDetailViewController.swift; path = Controllers/EventDetail/EventDetailViewController.swift; sourceTree = "<group>"; };
		0747AA0720375D6E00F725C7 /* VideoLauncher.swift */ = {isa = PBXFileReference; fileEncoding = 4; lastKnownFileType = sourcecode.swift; name = VideoLauncher.swift; path = Controllers/EventDetail/VideoLauncher.swift; sourceTree = "<group>"; };
		0747AA0C20375D8400F725C7 /* CommentCell.swift */ = {isa = PBXFileReference; fileEncoding = 4; lastKnownFileType = sourcecode.swift; name = CommentCell.swift; path = Controllers/Comments/CommentCell.swift; sourceTree = "<group>"; };
		0747AA0D20375D8400F725C7 /* CommentsSectionController.swift */ = {isa = PBXFileReference; fileEncoding = 4; lastKnownFileType = sourcecode.swift; name = CommentsSectionController.swift; path = Controllers/Comments/CommentsSectionController.swift; sourceTree = "<group>"; };
		0747AA0E20375D8400F725C7 /* CommentsHeaderSectionController.swift */ = {isa = PBXFileReference; fileEncoding = 4; lastKnownFileType = sourcecode.swift; name = CommentsHeaderSectionController.swift; path = Controllers/Comments/CommentsHeaderSectionController.swift; sourceTree = "<group>"; };
		0747AA0F20375D8400F725C7 /* NewCommentsViewController.swift */ = {isa = PBXFileReference; fileEncoding = 4; lastKnownFileType = sourcecode.swift; name = NewCommentsViewController.swift; path = Controllers/Comments/NewCommentsViewController.swift; sourceTree = "<group>"; };
		0747AA1020375D8500F725C7 /* CommentInputAccessoryView.swift */ = {isa = PBXFileReference; fileEncoding = 4; lastKnownFileType = sourcecode.swift; name = CommentInputAccessoryView.swift; path = Controllers/Comments/CommentInputAccessoryView.swift; sourceTree = "<group>"; };
		0747AA1120375D8500F725C7 /* CommentInputTextView.swift */ = {isa = PBXFileReference; fileEncoding = 4; lastKnownFileType = sourcecode.swift; name = CommentInputTextView.swift; path = Controllers/Comments/CommentInputTextView.swift; sourceTree = "<group>"; };
		0747AA1220375D8500F725C7 /* CommentsHeader.swift */ = {isa = PBXFileReference; fileEncoding = 4; lastKnownFileType = sourcecode.swift; name = CommentsHeader.swift; path = Controllers/Comments/CommentsHeader.swift; sourceTree = "<group>"; };
		0747AA1A20375E0D00F725C7 /* EventSearchHeader.swift */ = {isa = PBXFileReference; fileEncoding = 4; lastKnownFileType = sourcecode.swift; name = EventSearchHeader.swift; path = Controllers/Search/EventSearchHeader.swift; sourceTree = "<group>"; };
		0747AA1B20375E0D00F725C7 /* UserSearchCell.swift */ = {isa = PBXFileReference; fileEncoding = 4; lastKnownFileType = sourcecode.swift; name = UserSearchCell.swift; path = Controllers/Search/UserSearchCell.swift; sourceTree = "<group>"; };
		0747AA1C20375E0E00F725C7 /* EventSearchCell.swift */ = {isa = PBXFileReference; fileEncoding = 4; lastKnownFileType = sourcecode.swift; name = EventSearchCell.swift; path = Controllers/Search/EventSearchCell.swift; sourceTree = "<group>"; };
		0747AA1D20375E0E00F725C7 /* SearchViewController.swift */ = {isa = PBXFileReference; fileEncoding = 4; lastKnownFileType = sourcecode.swift; name = SearchViewController.swift; path = Controllers/Search/SearchViewController.swift; sourceTree = "<group>"; };
		0747AA1E20375E0E00F725C7 /* SearchProfileViewController.swift */ = {isa = PBXFileReference; fileEncoding = 4; lastKnownFileType = sourcecode.swift; name = SearchProfileViewController.swift; path = Controllers/Search/SearchProfileViewController.swift; sourceTree = "<group>"; };
		0747AA2420375E2A00F725C7 /* CameraController.swift */ = {isa = PBXFileReference; fileEncoding = 4; lastKnownFileType = sourcecode.swift; name = CameraController.swift; path = Controllers/Camera/CameraController.swift; sourceTree = "<group>"; };
		0747AA2520375E2A00F725C7 /* VideoViewController.swift */ = {isa = PBXFileReference; fileEncoding = 4; lastKnownFileType = sourcecode.swift; name = VideoViewController.swift; path = Controllers/Camera/VideoViewController.swift; sourceTree = "<group>"; };
		0747AA2620375E2A00F725C7 /* StoriesViewController.swift */ = {isa = PBXFileReference; fileEncoding = 4; lastKnownFileType = sourcecode.swift; name = StoriesViewController.swift; path = Controllers/Camera/StoriesViewController.swift; sourceTree = "<group>"; };
		0747AA2720375E2A00F725C7 /* PhotoViewController.swift */ = {isa = PBXFileReference; fileEncoding = 4; lastKnownFileType = sourcecode.swift; name = PhotoViewController.swift; path = Controllers/Camera/PhotoViewController.swift; sourceTree = "<group>"; };
		0747AA2C20375E4400F725C7 /* StroyCell.swift */ = {isa = PBXFileReference; fileEncoding = 4; lastKnownFileType = sourcecode.swift; name = StroyCell.swift; path = Controllers/Stories/StroyCell.swift; sourceTree = "<group>"; };
		0747AA2E20375E6500F725C7 /* Storage.swift */ = {isa = PBXFileReference; fileEncoding = 4; lastKnownFileType = sourcecode.swift; name = Storage.swift; path = Extensions/Storage.swift; sourceTree = "<group>"; };
		0747AA3220375E7F00F725C7 /* EventService.swift */ = {isa = PBXFileReference; fileEncoding = 4; lastKnownFileType = sourcecode.swift; name = EventService.swift; path = Services/EventService.swift; sourceTree = "<group>"; };
		0747AA36203779D900F725C7 /* CommentGrabbed.swift */ = {isa = PBXFileReference; fileEncoding = 4; lastKnownFileType = sourcecode.swift; name = CommentGrabbed.swift; path = Models/CommentGrabbed.swift; sourceTree = "<group>"; };
		0747AA37203779D900F725C7 /* Event.swift */ = {isa = PBXFileReference; fileEncoding = 4; lastKnownFileType = sourcecode.swift; name = Event.swift; path = Models/Event.swift; sourceTree = "<group>"; };
		0747AA38203779D900F725C7 /* Friend.swift */ = {isa = PBXFileReference; fileEncoding = 4; lastKnownFileType = sourcecode.swift; name = Friend.swift; path = Models/Friend.swift; sourceTree = "<group>"; };
		0747AA3C20377A2900F725C7 /* NSLayoutConstraint.swift */ = {isa = PBXFileReference; fileEncoding = 4; lastKnownFileType = sourcecode.swift; name = NSLayoutConstraint.swift; path = Extensions/NSLayoutConstraint.swift; sourceTree = "<group>"; };
		074BE9E72028969C001231B9 /* Eventful.entitlements */ = {isa = PBXFileReference; lastKnownFileType = text.plist.entitlements; path = Eventful.entitlements; sourceTree = "<group>"; };
		074D759F200C8E8C0044C3AD /* LocationService.swift */ = {isa = PBXFileReference; lastKnownFileType = sourcecode.swift; name = LocationService.swift; path = Services/LocationService.swift; sourceTree = "<group>"; };
		0753E7D62041E2AF00B882E4 /* Notification.swift */ = {isa = PBXFileReference; lastKnownFileType = sourcecode.swift; name = Notification.swift; path = Models/Notification.swift; sourceTree = "<group>"; };
		0753E7D82043CF9E00B882E4 /* FollowNotification.swift */ = {isa = PBXFileReference; lastKnownFileType = sourcecode.swift; name = FollowNotification.swift; path = Models/FollowNotification.swift; sourceTree = "<group>"; };
		07D923A71F33C61D0069613D /* Storyboard+Utility.swift */ = {isa = PBXFileReference; fileEncoding = 4; lastKnownFileType = sourcecode.swift; name = "Storyboard+Utility.swift"; path = "Extensions/Storyboard+Utility.swift"; sourceTree = "<group>"; };
		07F3EC581F4A57C3005296EB /* PostService.swift */ = {isa = PBXFileReference; fileEncoding = 4; lastKnownFileType = sourcecode.swift; name = PostService.swift; path = Services/PostService.swift; sourceTree = "<group>"; };
		07F3EC5D1F4B7B28005296EB /* StoryService.swift */ = {isa = PBXFileReference; fileEncoding = 4; lastKnownFileType = sourcecode.swift; name = StoryService.swift; path = Services/StoryService.swift; sourceTree = "<group>"; };
		07F3EC5F1F4B7BE9005296EB /* Story.swift */ = {isa = PBXFileReference; fileEncoding = 4; lastKnownFileType = sourcecode.swift; name = Story.swift; path = Models/Story.swift; sourceTree = "<group>"; };
		07FF92B81F3627A300FC9716 /* Post.swift */ = {isa = PBXFileReference; fileEncoding = 4; lastKnownFileType = sourcecode.swift; name = Post.swift; path = Models/Post.swift; sourceTree = "<group>"; };
		07FF92C81F3B898C00FC9716 /* Comment.swift */ = {isa = PBXFileReference; fileEncoding = 4; lastKnownFileType = sourcecode.swift; name = Comment.swift; path = Models/Comment.swift; sourceTree = "<group>"; };
		07FF92CA1F3B925800FC9716 /* ChatService.swift */ = {isa = PBXFileReference; fileEncoding = 4; lastKnownFileType = sourcecode.swift; name = ChatService.swift; path = Services/ChatService.swift; sourceTree = "<group>"; };
		1746B55EBA2E6BE797E81DA6 /* Pods_Eventful.framework */ = {isa = PBXFileReference; explicitFileType = wrapper.framework; includeInIndex = 0; path = Pods_Eventful.framework; sourceTree = BUILT_PRODUCTS_DIR; };
		4D63B9A855CD185FB49E3D17 /* Pods-Eventful.release.xcconfig */ = {isa = PBXFileReference; includeInIndex = 1; lastKnownFileType = text.xcconfig; name = "Pods-Eventful.release.xcconfig"; path = "Pods/Target Support Files/Pods-Eventful/Pods-Eventful.release.xcconfig"; sourceTree = "<group>"; };
		52D748C91F84C16E00357DDF /* DynamoCollectionView.framework */ = {isa = PBXFileReference; explicitFileType = wrapper.framework; path = DynamoCollectionView.framework; sourceTree = BUILT_PRODUCTS_DIR; };
		5A2D82487A88CC695A029DCA /* Pods-Eventful.debug.xcconfig */ = {isa = PBXFileReference; includeInIndex = 1; lastKnownFileType = text.xcconfig; name = "Pods-Eventful.debug.xcconfig"; path = "Pods/Target Support Files/Pods-Eventful/Pods-Eventful.debug.xcconfig"; sourceTree = "<group>"; };
/* End PBXFileReference section */

/* Begin PBXFrameworksBuildPhase section */
		07437F131F267CA900CE728B /* Frameworks */ = {
			isa = PBXFrameworksBuildPhase;
			buildActionMask = 2147483647;
			files = (
				F277E01C2A00DE5C23A3A9DD /* Pods_Eventful.framework in Frameworks */,
				52D748CA1F84C17A00357DDF /* DynamoCollectionView.framework in Frameworks */,
			);
			runOnlyForDeploymentPostprocessing = 0;
		};
/* End PBXFrameworksBuildPhase section */

/* Begin PBXGroup section */
		07087C1B1F48FBB70099B91F /* Camera */ = {
			isa = PBXGroup;
			children = (
				0747AA2420375E2A00F725C7 /* CameraController.swift */,
				0747AA2720375E2A00F725C7 /* PhotoViewController.swift */,
				0747AA2620375E2A00F725C7 /* StoriesViewController.swift */,
				0747AA2520375E2A00F725C7 /* VideoViewController.swift */,
			);
			name = Camera;
			sourceTree = "<group>";
		};
		071C9E081F3F955B0021D5A3 /* Search */ = {
			isa = PBXGroup;
			children = (
				0747AA1C20375E0E00F725C7 /* EventSearchCell.swift */,
				0747AA1A20375E0D00F725C7 /* EventSearchHeader.swift */,
				0747AA1E20375E0E00F725C7 /* SearchProfileViewController.swift */,
				0747AA1D20375E0E00F725C7 /* SearchViewController.swift */,
				0747AA1B20375E0D00F725C7 /* UserSearchCell.swift */,
			);
			name = Search;
			sourceTree = "<group>";
		};
		074290A0201ECE2000C1D68D /* Notifications */ = {
			isa = PBXGroup;
			children = (
				0747A9DA20375C6600F725C7 /* NotificationsViewController.swift */,
				0741702B20468A1F006B236B /* NotificationCell.swift */,
				0741702D20474D12006B236B /* NotificationSectionController.swift */,
			);
			name = Notifications;
			sourceTree = "<group>";
		};
		07437F0D1F267CA900CE728B = {
			isa = PBXGroup;
			children = (
				07437F181F267CA900CE728B /* Eventful */,
				07437F3E1F28D52200CE728B /* Default-568h@2x.png */,
				07437F171F267CA900CE728B /* Products */,
				69B6760783C527721C92650D /* Pods */,
				EDCAC4FC8504278362A0DA28 /* Frameworks */,
			);
			sourceTree = "<group>";
		};
		07437F171F267CA900CE728B /* Products */ = {
			isa = PBXGroup;
			children = (
				07437F161F267CA900CE728B /* Eventful.app */,
			);
			name = Products;
			sourceTree = "<group>";
		};
		07437F181F267CA900CE728B /* Eventful */ = {
			isa = PBXGroup;
			children = (
				074BE9E72028969C001231B9 /* Eventful.entitlements */,
				0719CDF41F54DC360076E678 /* Assets.xcassets */,
				07437F191F267CA900CE728B /* AppDelegate.swift */,
				07437F421F290F6800CE728B /* Models */,
				07437F1D1F267CA900CE728B /* Main.storyboard */,
				07437F221F267CA900CE728B /* LaunchScreen.storyboard */,
				07437F331F28D36A00CE728B /* Supporting */,
				07437F2D1F267E1D00CE728B /* Controllers */,
				07437F321F28CF2200CE728B /* Extensions */,
				07437F471F2914F500CE728B /* Services */,
			);
			path = Eventful;
			sourceTree = "<group>";
		};
		07437F2D1F267E1D00CE728B /* Controllers */ = {
			isa = PBXGroup;
			children = (
				074290A0201ECE2000C1D68D /* Notifications */,
				07D923A21F2EEEF90069613D /* Login */,
				07D923A31F2EEF030069613D /* SignUp */,
				07D923A41F2EEF1E0069613D /* Root View */,
				07D923A11F2EEE5D0069613D /* Home Feed */,
				07D923A01F2EEE4C0069613D /* Profile */,
				07D923AB1F34B4550069613D /* Settings */,
				07FF92BC1F39052500FC9716 /* Event Detail */,
				07FF92BF1F3AA49100FC9716 /* Comments */,
				071C9E081F3F955B0021D5A3 /* Search */,
				07087C1B1F48FBB70099B91F /* Camera */,
				07F3EC5C1F4B5B0C005296EB /* Stories */,
			);
			name = Controllers;
			sourceTree = "<group>";
		};
		07437F321F28CF2200CE728B /* Extensions */ = {
			isa = PBXGroup;
			children = (
				0747AA3C20377A2900F725C7 /* NSLayoutConstraint.swift */,
				0747AA2E20375E6500F725C7 /* Storage.swift */,
				07437F3C1F28D4C500CE728B /* Extensions.swift */,
				07D923A71F33C61D0069613D /* Storyboard+Utility.swift */,
			);
			name = Extensions;
			sourceTree = "<group>";
		};
		07437F331F28D36A00CE728B /* Supporting */ = {
			isa = PBXGroup;
			children = (
				07437F3A1F28D4B900CE728B /* GoogleService-Info.plist */,
				07437F381F28D4AD00CE728B /* Info.plist */,
			);
			name = Supporting;
			sourceTree = "<group>";
		};
		07437F421F290F6800CE728B /* Models */ = {
			isa = PBXGroup;
			children = (
				0747AA36203779D900F725C7 /* CommentGrabbed.swift */,
				0747AA37203779D900F725C7 /* Event.swift */,
				0747AA38203779D900F725C7 /* Friend.swift */,
				07437F431F290F9F00CE728B /* User.swift */,
				07FF92B81F3627A300FC9716 /* Post.swift */,
				07FF92C81F3B898C00FC9716 /* Comment.swift */,
				07F3EC5F1F4B7BE9005296EB /* Story.swift */,
				0753E7D62041E2AF00B882E4 /* Notification.swift */,
				0753E7D82043CF9E00B882E4 /* FollowNotification.swift */,
			);
			name = Models;
			sourceTree = "<group>";
		};
		07437F471F2914F500CE728B /* Services */ = {
			isa = PBXGroup;
			children = (
				0747AA3220375E7F00F725C7 /* EventService.swift */,
				0738DD381F3DC1340093F51B /* CustomImageView.swift */,
				07437F451F2911E500CE728B /* AuthService.swift */,
				07437F481F29167000CE728B /* UserService.swift */,
				07FF92CA1F3B925800FC9716 /* ChatService.swift */,
				071C9E0F1F415E680021D5A3 /* AttendService.swift */,
				073AFDC41F45E4FB009D4773 /* FollowService.swift */,
				07370C831F4A4CC8006DC7A2 /* StorageService.swift */,
				07F3EC581F4A57C3005296EB /* PostService.swift */,
				07F3EC5D1F4B7B28005296EB /* StoryService.swift */,
				074D759F200C8E8C0044C3AD /* LocationService.swift */,
				0741702F204751DB006B236B /* NotificationService.swift */,
			);
			name = Services;
			sourceTree = "<group>";
		};
		07D923A01F2EEE4C0069613D /* Profile */ = {
			isa = PBXGroup;
			children = (
				0747A9FA20375D3B00F725C7 /* AlterProfileViewController.swift */,
				0747A9FB20375D3B00F725C7 /* ProfileeViewController.swift */,
				0747A9FC20375D3B00F725C7 /* UserEventAttendingCell.swift */,
				0747A9FD20375D3B00F725C7 /* UserHeader.swift */,
			);
			name = Profile;
			sourceTree = "<group>";
		};
		07D923A11F2EEE5D0069613D /* Home Feed */ = {
			isa = PBXGroup;
			children = (
				0747A9F420375D2400F725C7 /* DropDownCell.swift */,
				0747A9F320375D2400F725C7 /* DropDownLauncher.swift */,
				0747A9F220375D2400F725C7 /* HomeFeedCell.swift */,
				0747A9F520375D2400F725C7 /* HomeFeedController.swift */,
			);
			name = "Home Feed";
			sourceTree = "<group>";
		};
		07D923A21F2EEEF90069613D /* Login */ = {
			isa = PBXGroup;
			children = (
				0747A9DC20375C7D00F725C7 /* LoginViewController.swift */,
			);
			name = Login;
			sourceTree = "<group>";
		};
		07D923A31F2EEF030069613D /* SignUp */ = {
			isa = PBXGroup;
			children = (
				0747A9DF20375C9500F725C7 /* ForgotPasswordViewController.swift */,
				0747A9DE20375C9500F725C7 /* SignUpViewController.swift */,
			);
			name = SignUp;
			sourceTree = "<group>";
		};
		07D923A41F2EEF1E0069613D /* Root View */ = {
			isa = PBXGroup;
			children = (
				0747A9E720375CF200F725C7 /* CollapsibleTableViewHeader.swift */,
				0747A9E520375CF200F725C7 /* EventDetailsCell.swift */,
				0747A9E620375CF200F725C7 /* FriendsEventsView.swift */,
				0747A9E820375CF300F725C7 /* ImageCollectionViewCell.swift */,
				0747A9EA20375CF300F725C7 /* ImageViewForURL.swift */,
				0747A9E420375CF200F725C7 /* ProfileCollectionViewCell.swift */,
				0747A9E920375CF300F725C7 /* SideMenu.swift */,
				0747A9E220375CD800F725C7 /* HomeViewController.swift */,
			);
			name = "Root View";
			sourceTree = "<group>";
		};
		07D923AB1F34B4550069613D /* Settings */ = {
			isa = PBXGroup;
			children = (
				0747AA0220375D5E00F725C7 /* SettingsViewController.swift */,
			);
			name = Settings;
			sourceTree = "<group>";
		};
		07F3EC5C1F4B5B0C005296EB /* Stories */ = {
			isa = PBXGroup;
			children = (
				0747AA2C20375E4400F725C7 /* StroyCell.swift */,
			);
			name = Stories;
			sourceTree = "<group>";
		};
		07FF92BC1F39052500FC9716 /* Event Detail */ = {
			isa = PBXGroup;
			children = (
				0747AA0420375D6D00F725C7 /* CircularTransition.swift */,
				0747AA0620375D6D00F725C7 /* EventDetailViewController.swift */,
				0747AA0520375D6D00F725C7 /* EventPromoVideoPlayer.swift */,
				0747AA0720375D6E00F725C7 /* VideoLauncher.swift */,
			);
			name = "Event Detail";
			sourceTree = "<group>";
		};
		07FF92BF1F3AA49100FC9716 /* Comments */ = {
			isa = PBXGroup;
			children = (
				0747AA0C20375D8400F725C7 /* CommentCell.swift */,
				0747AA1020375D8500F725C7 /* CommentInputAccessoryView.swift */,
				0747AA1120375D8500F725C7 /* CommentInputTextView.swift */,
				0747AA1220375D8500F725C7 /* CommentsHeader.swift */,
				0747AA0E20375D8400F725C7 /* CommentsHeaderSectionController.swift */,
				0747AA0D20375D8400F725C7 /* CommentsSectionController.swift */,
				0747AA0F20375D8400F725C7 /* NewCommentsViewController.swift */,
			);
			name = Comments;
			sourceTree = "<group>";
		};
		69B6760783C527721C92650D /* Pods */ = {
			isa = PBXGroup;
			children = (
				5A2D82487A88CC695A029DCA /* Pods-Eventful.debug.xcconfig */,
				4D63B9A855CD185FB49E3D17 /* Pods-Eventful.release.xcconfig */,
			);
			name = Pods;
			sourceTree = "<group>";
		};
		EDCAC4FC8504278362A0DA28 /* Frameworks */ = {
			isa = PBXGroup;
			children = (
				52D748C91F84C16E00357DDF /* DynamoCollectionView.framework */,
				1746B55EBA2E6BE797E81DA6 /* Pods_Eventful.framework */,
			);
			name = Frameworks;
			sourceTree = "<group>";
		};
/* End PBXGroup section */

/* Begin PBXNativeTarget section */
		07437F151F267CA900CE728B /* Eventful */ = {
			isa = PBXNativeTarget;
			buildConfigurationList = 07437F281F267CA900CE728B /* Build configuration list for PBXNativeTarget "Eventful" */;
			buildPhases = (
				FB28EFBE4E0CD2AF98041A34 /* [CP] Check Pods Manifest.lock */,
				07437F121F267CA900CE728B /* Sources */,
				07437F131F267CA900CE728B /* Frameworks */,
				07437F141F267CA900CE728B /* Resources */,
				DEBC6E9D19E14CC939269E2F /* [CP] Embed Pods Frameworks */,
				FDF21954F6D4CFA39B24B91D /* [CP] Copy Pods Resources */,
				52D748CC1F84C17A00357DDF /* Embed Frameworks */,
				07A15D032008979200CA4309 /* ShellScript */,
			);
			buildRules = (
			);
			dependencies = (
			);
			name = Eventful;
			productName = Eventful;
			productReference = 07437F161F267CA900CE728B /* Eventful.app */;
			productType = "com.apple.product-type.application";
		};
/* End PBXNativeTarget section */

/* Begin PBXProject section */
		07437F0E1F267CA900CE728B /* Project object */ = {
			isa = PBXProject;
			attributes = {
				LastSwiftUpdateCheck = 0820;
				LastUpgradeCheck = 0900;
				ORGANIZATIONNAME = "Make School";
				TargetAttributes = {
					07437F151F267CA900CE728B = {
						CreatedOnToolsVersion = 8.2.1;
						DevelopmentTeam = W8XH6RU95C;
						LastSwiftMigration = 0900;
						ProvisioningStyle = Automatic;
						SystemCapabilities = {
							com.apple.Push = {
								enabled = 1;
							};
						};
					};
				};
			};
			buildConfigurationList = 07437F111F267CA900CE728B /* Build configuration list for PBXProject "Eventful" */;
			compatibilityVersion = "Xcode 3.2";
			developmentRegion = English;
			hasScannedForEncodings = 0;
			knownRegions = (
				en,
				Base,
			);
			mainGroup = 07437F0D1F267CA900CE728B;
			productRefGroup = 07437F171F267CA900CE728B /* Products */;
			projectDirPath = "";
			projectRoot = "";
			targets = (
				07437F151F267CA900CE728B /* Eventful */,
			);
		};
/* End PBXProject section */

/* Begin PBXResourcesBuildPhase section */
		07437F141F267CA900CE728B /* Resources */ = {
			isa = PBXResourcesBuildPhase;
			buildActionMask = 2147483647;
			files = (
				07437F241F267CA900CE728B /* LaunchScreen.storyboard in Resources */,
				07437F3B1F28D4B900CE728B /* GoogleService-Info.plist in Resources */,
				07437F1F1F267CA900CE728B /* Main.storyboard in Resources */,
				07437F3F1F28D52200CE728B /* Default-568h@2x.png in Resources */,
				0719CDF51F54DC360076E678 /* Assets.xcassets in Resources */,
			);
			runOnlyForDeploymentPostprocessing = 0;
		};
/* End PBXResourcesBuildPhase section */

/* Begin PBXShellScriptBuildPhase section */
		07A15D032008979200CA4309 /* ShellScript */ = {
			isa = PBXShellScriptBuildPhase;
			buildActionMask = 2147483647;
			files = (
			);
			inputPaths = (
			);
			outputPaths = (
			);
			runOnlyForDeploymentPostprocessing = 0;
			shellPath = /bin/sh;
			shellScript = "\"${PODS_ROOT}/Fabric/run\" b1acba451e64774be08638475e887063e9a56ede b2f774d875e3c430c3a4b74ab2c8f5c2f3c8fac200ac490078c2b23c255a9d93";
		};
		DEBC6E9D19E14CC939269E2F /* [CP] Embed Pods Frameworks */ = {
			isa = PBXShellScriptBuildPhase;
			buildActionMask = 12;
			files = (
			);
			inputPaths = (
				"${SRCROOT}/Pods/Target Support Files/Pods-Eventful/Pods-Eventful-frameworks.sh",
				"${BUILT_PRODUCTS_DIR}/Alamofire/Alamofire.framework",
				"${BUILT_PRODUCTS_DIR}/AlamofireImage/AlamofireImage.framework",
				"${BUILT_PRODUCTS_DIR}/AlamofireNetworkActivityIndicator/AlamofireNetworkActivityIndicator.framework",
				"${BUILT_PRODUCTS_DIR}/BPStatusBarAlert/BPStatusBarAlert.framework",
				"${BUILT_PRODUCTS_DIR}/EZSwipeController/EZSwipeController.framework",
				"${BUILT_PRODUCTS_DIR}/FaceAware/FaceAware.framework",
				"${BUILT_PRODUCTS_DIR}/GTMSessionFetcher/GTMSessionFetcher.framework",
				"${BUILT_PRODUCTS_DIR}/GeoFire/GeoFire.framework",
				"${BUILT_PRODUCTS_DIR}/GoogleToolboxForMac/GoogleToolboxForMac.framework",
				"${BUILT_PRODUCTS_DIR}/IGListKit/IGListKit.framework",
				"${BUILT_PRODUCTS_DIR}/Protobuf/Protobuf.framework",
				"${BUILT_PRODUCTS_DIR}/SVProgressHUD/SVProgressHUD.framework",
				"${BUILT_PRODUCTS_DIR}/SwiftLocation/SwiftLocation.framework",
				"${BUILT_PRODUCTS_DIR}/SwiftyCam/SwiftyCam.framework",
				"${BUILT_PRODUCTS_DIR}/SwiftyJSON/SwiftyJSON.framework",
				"${BUILT_PRODUCTS_DIR}/TextFieldEffects/TextFieldEffects.framework",
				"${BUILT_PRODUCTS_DIR}/leveldb-library/leveldb.framework",
				"${BUILT_PRODUCTS_DIR}/nanopb/nanopb.framework",
			);
			name = "[CP] Embed Pods Frameworks";
			outputPaths = (
				"${TARGET_BUILD_DIR}/${FRAMEWORKS_FOLDER_PATH}/Alamofire.framework",
				"${TARGET_BUILD_DIR}/${FRAMEWORKS_FOLDER_PATH}/AlamofireImage.framework",
				"${TARGET_BUILD_DIR}/${FRAMEWORKS_FOLDER_PATH}/AlamofireNetworkActivityIndicator.framework",
				"${TARGET_BUILD_DIR}/${FRAMEWORKS_FOLDER_PATH}/BPStatusBarAlert.framework",
				"${TARGET_BUILD_DIR}/${FRAMEWORKS_FOLDER_PATH}/EZSwipeController.framework",
				"${TARGET_BUILD_DIR}/${FRAMEWORKS_FOLDER_PATH}/FaceAware.framework",
				"${TARGET_BUILD_DIR}/${FRAMEWORKS_FOLDER_PATH}/GTMSessionFetcher.framework",
				"${TARGET_BUILD_DIR}/${FRAMEWORKS_FOLDER_PATH}/GeoFire.framework",
				"${TARGET_BUILD_DIR}/${FRAMEWORKS_FOLDER_PATH}/GoogleToolboxForMac.framework",
				"${TARGET_BUILD_DIR}/${FRAMEWORKS_FOLDER_PATH}/IGListKit.framework",
				"${TARGET_BUILD_DIR}/${FRAMEWORKS_FOLDER_PATH}/Protobuf.framework",
				"${TARGET_BUILD_DIR}/${FRAMEWORKS_FOLDER_PATH}/SVProgressHUD.framework",
				"${TARGET_BUILD_DIR}/${FRAMEWORKS_FOLDER_PATH}/SwiftLocation.framework",
				"${TARGET_BUILD_DIR}/${FRAMEWORKS_FOLDER_PATH}/SwiftyCam.framework",
				"${TARGET_BUILD_DIR}/${FRAMEWORKS_FOLDER_PATH}/SwiftyJSON.framework",
				"${TARGET_BUILD_DIR}/${FRAMEWORKS_FOLDER_PATH}/TextFieldEffects.framework",
				"${TARGET_BUILD_DIR}/${FRAMEWORKS_FOLDER_PATH}/leveldb.framework",
				"${TARGET_BUILD_DIR}/${FRAMEWORKS_FOLDER_PATH}/nanopb.framework",
			);
			runOnlyForDeploymentPostprocessing = 0;
			shellPath = /bin/sh;
			shellScript = "\"${SRCROOT}/Pods/Target Support Files/Pods-Eventful/Pods-Eventful-frameworks.sh\"\n";
			showEnvVarsInLog = 0;
		};
		FB28EFBE4E0CD2AF98041A34 /* [CP] Check Pods Manifest.lock */ = {
			isa = PBXShellScriptBuildPhase;
			buildActionMask = 12;
			files = (
			);
			inputPaths = (
				"${PODS_PODFILE_DIR_PATH}/Podfile.lock",
				"${PODS_ROOT}/Manifest.lock",
			);
			name = "[CP] Check Pods Manifest.lock";
			outputPaths = (
				"$(DERIVED_FILE_DIR)/Pods-Eventful-checkManifestLockResult.txt",
			);
			runOnlyForDeploymentPostprocessing = 0;
			shellPath = /bin/sh;
			shellScript = "diff \"${PODS_PODFILE_DIR_PATH}/Podfile.lock\" \"${PODS_ROOT}/Manifest.lock\" > /dev/null\nif [ $? != 0 ] ; then\n    # print error to STDERR\n    echo \"error: The sandbox is not in sync with the Podfile.lock. Run 'pod install' or update your CocoaPods installation.\" >&2\n    exit 1\nfi\n# This output is used by Xcode 'outputs' to avoid re-running this script phase.\necho \"SUCCESS\" > \"${SCRIPT_OUTPUT_FILE_0}\"\n";
			showEnvVarsInLog = 0;
		};
		FDF21954F6D4CFA39B24B91D /* [CP] Copy Pods Resources */ = {
			isa = PBXShellScriptBuildPhase;
			buildActionMask = 12;
			files = (
			);
			inputPaths = (
			);
			name = "[CP] Copy Pods Resources";
			outputPaths = (
			);
			runOnlyForDeploymentPostprocessing = 0;
			shellPath = /bin/sh;
			shellScript = "\"${SRCROOT}/Pods/Target Support Files/Pods-Eventful/Pods-Eventful-resources.sh\"\n";
			showEnvVarsInLog = 0;
		};
/* End PBXShellScriptBuildPhase section */

/* Begin PBXSourcesBuildPhase section */
		07437F121F267CA900CE728B /* Sources */ = {
			isa = PBXSourcesBuildPhase;
			buildActionMask = 2147483647;
			files = (
				0747AA2A20375E2A00F725C7 /* StoriesViewController.swift in Sources */,
				0747A9EE20375CF300F725C7 /* CollapsibleTableViewHeader.swift in Sources */,
				0747A9F020375CF300F725C7 /* SideMenu.swift in Sources */,
				0753E7D92043CF9E00B882E4 /* FollowNotification.swift in Sources */,
				0747A9FF20375D3B00F725C7 /* ProfileeViewController.swift in Sources */,
				0747AA0820375D6E00F725C7 /* CircularTransition.swift in Sources */,
				07437F3D1F28D4C500CE728B /* Extensions.swift in Sources */,
				0747AA3320375E7F00F725C7 /* EventService.swift in Sources */,
				0747A9E020375C9500F725C7 /* SignUpViewController.swift in Sources */,
				0753E7D72041E2AF00B882E4 /* Notification.swift in Sources */,
				0747A9F620375D2400F725C7 /* HomeFeedCell.swift in Sources */,
				0747AA0020375D3B00F725C7 /* UserEventAttendingCell.swift in Sources */,
				0747AA0B20375D6E00F725C7 /* VideoLauncher.swift in Sources */,
				0747A9F820375D2400F725C7 /* DropDownCell.swift in Sources */,
				0747A9EC20375CF300F725C7 /* EventDetailsCell.swift in Sources */,
				07D923A81F33C61D0069613D /* Storyboard+Utility.swift in Sources */,
				0741702C20468A1F006B236B /* NotificationCell.swift in Sources */,
				0741702E20474D12006B236B /* NotificationSectionController.swift in Sources */,
				0747AA0320375D5E00F725C7 /* SettingsViewController.swift in Sources */,
				07FF92CB1F3B925800FC9716 /* ChatService.swift in Sources */,
				0747A9DD20375C7D00F725C7 /* LoginViewController.swift in Sources */,
				0747AA1820375D8500F725C7 /* CommentInputTextView.swift in Sources */,
				07FF92C91F3B898C00FC9716 /* Comment.swift in Sources */,
				0747AA2820375E2A00F725C7 /* CameraController.swift in Sources */,
				0747AA2D20375E4400F725C7 /* StroyCell.swift in Sources */,
				0738DD391F3DC1340093F51B /* CustomImageView.swift in Sources */,
				0747AA1920375D8500F725C7 /* CommentsHeader.swift in Sources */,
				0747AA1520375D8500F725C7 /* CommentsHeaderSectionController.swift in Sources */,
				0747A9F720375D2400F725C7 /* DropDownLauncher.swift in Sources */,
				07437F1A1F267CA900CE728B /* AppDelegate.swift in Sources */,
				0747A9E120375C9500F725C7 /* ForgotPasswordViewController.swift in Sources */,
				074D75A0200C8E8C0044C3AD /* LocationService.swift in Sources */,
				0747AA1F20375E0E00F725C7 /* EventSearchHeader.swift in Sources */,
				0747AA3D20377A2900F725C7 /* NSLayoutConstraint.swift in Sources */,
				0747AA0A20375D6E00F725C7 /* EventDetailViewController.swift in Sources */,
				0747AA1420375D8500F725C7 /* CommentsSectionController.swift in Sources */,
				071C9E101F415E680021D5A3 /* AttendService.swift in Sources */,
				0747AA3A203779D900F725C7 /* Event.swift in Sources */,
				0747AA0920375D6E00F725C7 /* EventPromoVideoPlayer.swift in Sources */,
				0747A9E320375CD800F725C7 /* HomeViewController.swift in Sources */,
				0747AA2B20375E2A00F725C7 /* PhotoViewController.swift in Sources */,
				07437F491F29167000CE728B /* UserService.swift in Sources */,
				07FF92B91F3627A300FC9716 /* Post.swift in Sources */,
				07F3EC5E1F4B7B28005296EB /* StoryService.swift in Sources */,
				0747AA2920375E2A00F725C7 /* VideoViewController.swift in Sources */,
				0747AA2320375E0E00F725C7 /* SearchProfileViewController.swift in Sources */,
				0747A9F920375D2400F725C7 /* HomeFeedController.swift in Sources */,
				0747A9F120375CF300F725C7 /* ImageViewForURL.swift in Sources */,
				0747AA2020375E0E00F725C7 /* UserSearchCell.swift in Sources */,
				0747A9EF20375CF300F725C7 /* ImageCollectionViewCell.swift in Sources */,
				0747AA2220375E0E00F725C7 /* SearchViewController.swift in Sources */,
				0747AA1620375D8500F725C7 /* NewCommentsViewController.swift in Sources */,
				0747A9DB20375C6600F725C7 /* NotificationsViewController.swift in Sources */,
				073AFDC51F45E4FB009D4773 /* FollowService.swift in Sources */,
				07F3EC591F4A57C3005296EB /* PostService.swift in Sources */,
				0747A9FE20375D3B00F725C7 /* AlterProfileViewController.swift in Sources */,
				07437F441F290F9F00CE728B /* User.swift in Sources */,
				0747AA3020375E6500F725C7 /* Storage.swift in Sources */,
				07417030204751DB006B236B /* NotificationService.swift in Sources */,
				07437F461F2911E500CE728B /* AuthService.swift in Sources */,
				0747AA1720375D8500F725C7 /* CommentInputAccessoryView.swift in Sources */,
				0747AA1320375D8500F725C7 /* CommentCell.swift in Sources */,
				0747A9EB20375CF300F725C7 /* ProfileCollectionViewCell.swift in Sources */,
				07F3EC601F4B7BE9005296EB /* Story.swift in Sources */,
				0747AA39203779D900F725C7 /* CommentGrabbed.swift in Sources */,
				07370C841F4A4CC8006DC7A2 /* StorageService.swift in Sources */,
				0747A9ED20375CF300F725C7 /* FriendsEventsView.swift in Sources */,
				0747AA3B203779D900F725C7 /* Friend.swift in Sources */,
				0747AA2120375E0E00F725C7 /* EventSearchCell.swift in Sources */,
				0747AA0120375D3B00F725C7 /* UserHeader.swift in Sources */,
			);
			runOnlyForDeploymentPostprocessing = 0;
		};
/* End PBXSourcesBuildPhase section */

/* Begin PBXVariantGroup section */
		07437F1D1F267CA900CE728B /* Main.storyboard */ = {
			isa = PBXVariantGroup;
			children = (
				07437F1E1F267CA900CE728B /* Base */,
			);
			name = Main.storyboard;
			sourceTree = "<group>";
		};
		07437F221F267CA900CE728B /* LaunchScreen.storyboard */ = {
			isa = PBXVariantGroup;
			children = (
				07437F231F267CA900CE728B /* Base */,
			);
			name = LaunchScreen.storyboard;
			sourceTree = "<group>";
		};
/* End PBXVariantGroup section */

/* Begin XCBuildConfiguration section */
		07437F261F267CA900CE728B /* Debug */ = {
			isa = XCBuildConfiguration;
			buildSettings = {
				ALWAYS_SEARCH_USER_PATHS = NO;
				CLANG_ANALYZER_NONNULL = YES;
				CLANG_CXX_LANGUAGE_STANDARD = "gnu++0x";
				CLANG_CXX_LIBRARY = "libc++";
				CLANG_ENABLE_MODULES = YES;
				CLANG_ENABLE_OBJC_ARC = YES;
				CLANG_WARN_BLOCK_CAPTURE_AUTORELEASING = YES;
				CLANG_WARN_BOOL_CONVERSION = YES;
				CLANG_WARN_COMMA = YES;
				CLANG_WARN_CONSTANT_CONVERSION = YES;
				CLANG_WARN_DIRECT_OBJC_ISA_USAGE = YES_ERROR;
				CLANG_WARN_DOCUMENTATION_COMMENTS = YES;
				CLANG_WARN_EMPTY_BODY = YES;
				CLANG_WARN_ENUM_CONVERSION = YES;
				CLANG_WARN_INFINITE_RECURSION = YES;
				CLANG_WARN_INT_CONVERSION = YES;
				CLANG_WARN_NON_LITERAL_NULL_CONVERSION = YES;
				CLANG_WARN_OBJC_LITERAL_CONVERSION = YES;
				CLANG_WARN_OBJC_ROOT_CLASS = YES_ERROR;
				CLANG_WARN_RANGE_LOOP_ANALYSIS = YES;
				CLANG_WARN_STRICT_PROTOTYPES = YES;
				CLANG_WARN_SUSPICIOUS_MOVE = YES;
				CLANG_WARN_UNREACHABLE_CODE = YES;
				CLANG_WARN__DUPLICATE_METHOD_MATCH = YES;
				"CODE_SIGN_IDENTITY[sdk=iphoneos*]" = "iPhone Developer";
				COPY_PHASE_STRIP = NO;
				DEBUG_INFORMATION_FORMAT = dwarf;
				ENABLE_STRICT_OBJC_MSGSEND = YES;
				ENABLE_TESTABILITY = YES;
				GCC_C_LANGUAGE_STANDARD = gnu99;
				GCC_DYNAMIC_NO_PIC = NO;
				GCC_NO_COMMON_BLOCKS = YES;
				GCC_OPTIMIZATION_LEVEL = 0;
				GCC_PREPROCESSOR_DEFINITIONS = (
					"DEBUG=1",
					"$(inherited)",
				);
				GCC_WARN_64_TO_32_BIT_CONVERSION = YES;
				GCC_WARN_ABOUT_RETURN_TYPE = YES_ERROR;
				GCC_WARN_UNDECLARED_SELECTOR = YES;
				GCC_WARN_UNINITIALIZED_AUTOS = YES_AGGRESSIVE;
				GCC_WARN_UNUSED_FUNCTION = YES;
				GCC_WARN_UNUSED_VARIABLE = YES;
				IPHONEOS_DEPLOYMENT_TARGET = 10.2;
				MTL_ENABLE_DEBUG_INFO = YES;
				ONLY_ACTIVE_ARCH = YES;
				SDKROOT = iphoneos;
				SWIFT_ACTIVE_COMPILATION_CONDITIONS = DEBUG;
				SWIFT_OPTIMIZATION_LEVEL = "-Onone";
			};
			name = Debug;
		};
		07437F271F267CA900CE728B /* Release */ = {
			isa = XCBuildConfiguration;
			buildSettings = {
				ALWAYS_SEARCH_USER_PATHS = NO;
				CLANG_ANALYZER_NONNULL = YES;
				CLANG_CXX_LANGUAGE_STANDARD = "gnu++0x";
				CLANG_CXX_LIBRARY = "libc++";
				CLANG_ENABLE_MODULES = YES;
				CLANG_ENABLE_OBJC_ARC = YES;
				CLANG_WARN_BLOCK_CAPTURE_AUTORELEASING = YES;
				CLANG_WARN_BOOL_CONVERSION = YES;
				CLANG_WARN_COMMA = YES;
				CLANG_WARN_CONSTANT_CONVERSION = YES;
				CLANG_WARN_DIRECT_OBJC_ISA_USAGE = YES_ERROR;
				CLANG_WARN_DOCUMENTATION_COMMENTS = YES;
				CLANG_WARN_EMPTY_BODY = YES;
				CLANG_WARN_ENUM_CONVERSION = YES;
				CLANG_WARN_INFINITE_RECURSION = YES;
				CLANG_WARN_INT_CONVERSION = YES;
				CLANG_WARN_NON_LITERAL_NULL_CONVERSION = YES;
				CLANG_WARN_OBJC_LITERAL_CONVERSION = YES;
				CLANG_WARN_OBJC_ROOT_CLASS = YES_ERROR;
				CLANG_WARN_RANGE_LOOP_ANALYSIS = YES;
				CLANG_WARN_STRICT_PROTOTYPES = YES;
				CLANG_WARN_SUSPICIOUS_MOVE = YES;
				CLANG_WARN_UNREACHABLE_CODE = YES;
				CLANG_WARN__DUPLICATE_METHOD_MATCH = YES;
				"CODE_SIGN_IDENTITY[sdk=iphoneos*]" = "iPhone Developer";
				COPY_PHASE_STRIP = NO;
				DEBUG_INFORMATION_FORMAT = "dwarf-with-dsym";
				ENABLE_NS_ASSERTIONS = NO;
				ENABLE_STRICT_OBJC_MSGSEND = YES;
				GCC_C_LANGUAGE_STANDARD = gnu99;
				GCC_NO_COMMON_BLOCKS = YES;
				GCC_WARN_64_TO_32_BIT_CONVERSION = YES;
				GCC_WARN_ABOUT_RETURN_TYPE = YES_ERROR;
				GCC_WARN_UNDECLARED_SELECTOR = YES;
				GCC_WARN_UNINITIALIZED_AUTOS = YES_AGGRESSIVE;
				GCC_WARN_UNUSED_FUNCTION = YES;
				GCC_WARN_UNUSED_VARIABLE = YES;
				IPHONEOS_DEPLOYMENT_TARGET = 10.2;
				MTL_ENABLE_DEBUG_INFO = NO;
				SDKROOT = iphoneos;
				SWIFT_OPTIMIZATION_LEVEL = "-Owholemodule";
				VALIDATE_PRODUCT = YES;
			};
			name = Release;
		};
		07437F291F267CA900CE728B /* Debug */ = {
			isa = XCBuildConfiguration;
			baseConfigurationReference = 5A2D82487A88CC695A029DCA /* Pods-Eventful.debug.xcconfig */;
			buildSettings = {
				ASSETCATALOG_COMPILER_APPICON_NAME = AppIcon;
				CODE_SIGN_ENTITLEMENTS = Eventful/Eventful.entitlements;
				DEVELOPMENT_TEAM = W8XH6RU95C;
				INFOPLIST_FILE = "$(SRCROOT)/Eventful/Supporting/Info.plist";
				IPHONEOS_DEPLOYMENT_TARGET = 11.2;
				LD_RUNPATH_SEARCH_PATHS = "$(inherited) @executable_path/Frameworks";
				PRODUCT_BUNDLE_IDENTIFIER = com.haipe.Haipe;
				PRODUCT_NAME = "$(TARGET_NAME)";
				SWIFT_SWIFT3_OBJC_INFERENCE = Default;
				SWIFT_VERSION = 4.0;
				TARGETED_DEVICE_FAMILY = "1,2";
			};
			name = Debug;
		};
		07437F2A1F267CA900CE728B /* Release */ = {
			isa = XCBuildConfiguration;
			baseConfigurationReference = 4D63B9A855CD185FB49E3D17 /* Pods-Eventful.release.xcconfig */;
			buildSettings = {
				ASSETCATALOG_COMPILER_APPICON_NAME = AppIcon;
				CODE_SIGN_ENTITLEMENTS = Eventful/Eventful.entitlements;
				DEVELOPMENT_TEAM = W8XH6RU95C;
				INFOPLIST_FILE = "$(SRCROOT)/Eventful/Supporting/Info.plist";
				IPHONEOS_DEPLOYMENT_TARGET = 11.2;
				LD_RUNPATH_SEARCH_PATHS = "$(inherited) @executable_path/Frameworks";
				PRODUCT_BUNDLE_IDENTIFIER = com.haipe.Haipe;
				PRODUCT_NAME = "$(TARGET_NAME)";
				SWIFT_SWIFT3_OBJC_INFERENCE = Default;
				SWIFT_VERSION = 4.0;
				TARGETED_DEVICE_FAMILY = "1,2";
			};
			name = Release;
		};
/* End XCBuildConfiguration section */

/* Begin XCConfigurationList section */
		07437F111F267CA900CE728B /* Build configuration list for PBXProject "Eventful" */ = {
			isa = XCConfigurationList;
			buildConfigurations = (
				07437F261F267CA900CE728B /* Debug */,
				07437F271F267CA900CE728B /* Release */,
			);
			defaultConfigurationIsVisible = 0;
			defaultConfigurationName = Release;
		};
		07437F281F267CA900CE728B /* Build configuration list for PBXNativeTarget "Eventful" */ = {
			isa = XCConfigurationList;
			buildConfigurations = (
				07437F291F267CA900CE728B /* Debug */,
				07437F2A1F267CA900CE728B /* Release */,
			);
			defaultConfigurationIsVisible = 0;
			defaultConfigurationName = Release;
		};
/* End XCConfigurationList section */
	};
	rootObject = 07437F0E1F267CA900CE728B /* Project object */;
}
